// !$*UTF8*$!
{
	archiveVersion = 1;
	classes = {
	};
	objectVersion = 50;
	objects = {

/* Begin PBXBuildFile section */
		480E477A257EE79C005E21A2 /* NothingFoundCell.xib in Resources */ = {isa = PBXBuildFile; fileRef = 480E4779257EE79C005E21A2 /* NothingFoundCell.xib */; };
		482A96AE257CD6F400D21D79 /* SearchResultCell.swift in Sources */ = {isa = PBXBuildFile; fileRef = 482A96AD257CD6F400D21D79 /* SearchResultCell.swift */; };
		486486272577DF2500C9B1E7 /* AppDelegate.swift in Sources */ = {isa = PBXBuildFile; fileRef = 486486262577DF2500C9B1E7 /* AppDelegate.swift */; };
		486486292577DF2500C9B1E7 /* SceneDelegate.swift in Sources */ = {isa = PBXBuildFile; fileRef = 486486282577DF2500C9B1E7 /* SceneDelegate.swift */; };
		4864862B2577DF2500C9B1E7 /* StoreSearchViewController.swift in Sources */ = {isa = PBXBuildFile; fileRef = 4864862A2577DF2500C9B1E7 /* StoreSearchViewController.swift */; };
		4864862E2577DF2500C9B1E7 /* Main.storyboard in Resources */ = {isa = PBXBuildFile; fileRef = 4864862C2577DF2500C9B1E7 /* Main.storyboard */; };
		486486312577DF2500C9B1E7 /* StoreSearch.xcdatamodeld in Sources */ = {isa = PBXBuildFile; fileRef = 4864862F2577DF2500C9B1E7 /* StoreSearch.xcdatamodeld */; };
		486486332577DF2600C9B1E7 /* Assets.xcassets in Resources */ = {isa = PBXBuildFile; fileRef = 486486322577DF2600C9B1E7 /* Assets.xcassets */; };
		486486412577DF2700C9B1E7 /* StoreSearchTests.swift in Sources */ = {isa = PBXBuildFile; fileRef = 486486402577DF2700C9B1E7 /* StoreSearchTests.swift */; };
		4864864C2577DF2700C9B1E7 /* StoreSearchUITests.swift in Sources */ = {isa = PBXBuildFile; fileRef = 4864864B2577DF2700C9B1E7 /* StoreSearchUITests.swift */; };
		4867BE772593FF02007C1F35 /* DetailViewController.swift in Sources */ = {isa = PBXBuildFile; fileRef = 4867BE762593FF02007C1F35 /* DetailViewController.swift */; };
		488545212584C24900274C85 /* SearchResult.swift in Sources */ = {isa = PBXBuildFile; fileRef = 488545202584C24900274C85 /* SearchResult.swift */; };
		48854526258604C200274C85 /* LoadingCell.xib in Resources */ = {isa = PBXBuildFile; fileRef = 48854525258604C200274C85 /* LoadingCell.xib */; };
		48AB00AF2594E7420052B518 /* DimmingPresentationController.swift in Sources */ = {isa = PBXBuildFile; fileRef = 48AB00AE2594E7420052B518 /* DimmingPresentationController.swift */; };
		48C754A52592B445002CC9B1 /* UIImageView+DownloadImage.swift in Sources */ = {isa = PBXBuildFile; fileRef = 48C754A42592B445002CC9B1 /* UIImageView+DownloadImage.swift */; };
		48DC93A5257B870A0014E201 /* SearchResultCell.xib in Resources */ = {isa = PBXBuildFile; fileRef = 48DC93A4257B870A0014E201 /* SearchResultCell.xib */; };
/* End PBXBuildFile section */

/* Begin PBXContainerItemProxy section */
		4864863D2577DF2700C9B1E7 /* PBXContainerItemProxy */ = {
			isa = PBXContainerItemProxy;
			containerPortal = 4864861B2577DF2500C9B1E7 /* Project object */;
			proxyType = 1;
			remoteGlobalIDString = 486486222577DF2500C9B1E7;
			remoteInfo = StoreSearch;
		};
		486486482577DF2700C9B1E7 /* PBXContainerItemProxy */ = {
			isa = PBXContainerItemProxy;
			containerPortal = 4864861B2577DF2500C9B1E7 /* Project object */;
			proxyType = 1;
			remoteGlobalIDString = 486486222577DF2500C9B1E7;
			remoteInfo = StoreSearch;
		};
/* End PBXContainerItemProxy section */

/* Begin PBXFileReference section */
		480E4779257EE79C005E21A2 /* NothingFoundCell.xib */ = {isa = PBXFileReference; lastKnownFileType = file.xib; path = NothingFoundCell.xib; sourceTree = "<group>"; };
		482A96AD257CD6F400D21D79 /* SearchResultCell.swift */ = {isa = PBXFileReference; lastKnownFileType = sourcecode.swift; path = SearchResultCell.swift; sourceTree = "<group>"; };
		486486232577DF2500C9B1E7 /* StoreSearch.app */ = {isa = PBXFileReference; explicitFileType = wrapper.application; includeInIndex = 0; path = StoreSearch.app; sourceTree = BUILT_PRODUCTS_DIR; };
		486486262577DF2500C9B1E7 /* AppDelegate.swift */ = {isa = PBXFileReference; lastKnownFileType = sourcecode.swift; path = AppDelegate.swift; sourceTree = "<group>"; };
		486486282577DF2500C9B1E7 /* SceneDelegate.swift */ = {isa = PBXFileReference; lastKnownFileType = sourcecode.swift; path = SceneDelegate.swift; sourceTree = "<group>"; };
		4864862A2577DF2500C9B1E7 /* StoreSearchViewController.swift */ = {isa = PBXFileReference; lastKnownFileType = sourcecode.swift; path = StoreSearchViewController.swift; sourceTree = "<group>"; };
		4864862D2577DF2500C9B1E7 /* Base */ = {isa = PBXFileReference; lastKnownFileType = file.storyboard; name = Base; path = Base.lproj/Main.storyboard; sourceTree = "<group>"; };
		486486302577DF2500C9B1E7 /* StoreSearch.xcdatamodel */ = {isa = PBXFileReference; lastKnownFileType = wrapper.xcdatamodel; path = StoreSearch.xcdatamodel; sourceTree = "<group>"; };
		486486322577DF2600C9B1E7 /* Assets.xcassets */ = {isa = PBXFileReference; lastKnownFileType = folder.assetcatalog; path = Assets.xcassets; sourceTree = "<group>"; };
		486486372577DF2600C9B1E7 /* Info.plist */ = {isa = PBXFileReference; lastKnownFileType = text.plist.xml; path = Info.plist; sourceTree = "<group>"; };
		4864863C2577DF2700C9B1E7 /* StoreSearchTests.xctest */ = {isa = PBXFileReference; explicitFileType = wrapper.cfbundle; includeInIndex = 0; path = StoreSearchTests.xctest; sourceTree = BUILT_PRODUCTS_DIR; };
		486486402577DF2700C9B1E7 /* StoreSearchTests.swift */ = {isa = PBXFileReference; lastKnownFileType = sourcecode.swift; path = StoreSearchTests.swift; sourceTree = "<group>"; };
		486486422577DF2700C9B1E7 /* Info.plist */ = {isa = PBXFileReference; lastKnownFileType = text.plist.xml; path = Info.plist; sourceTree = "<group>"; };
		486486472577DF2700C9B1E7 /* StoreSearchUITests.xctest */ = {isa = PBXFileReference; explicitFileType = wrapper.cfbundle; includeInIndex = 0; path = StoreSearchUITests.xctest; sourceTree = BUILT_PRODUCTS_DIR; };
		4864864B2577DF2700C9B1E7 /* StoreSearchUITests.swift */ = {isa = PBXFileReference; lastKnownFileType = sourcecode.swift; path = StoreSearchUITests.swift; sourceTree = "<group>"; };
		4864864D2577DF2700C9B1E7 /* Info.plist */ = {isa = PBXFileReference; lastKnownFileType = text.plist.xml; path = Info.plist; sourceTree = "<group>"; };
		4867BE762593FF02007C1F35 /* DetailViewController.swift */ = {isa = PBXFileReference; lastKnownFileType = sourcecode.swift; path = DetailViewController.swift; sourceTree = "<group>"; };
		488545202584C24900274C85 /* SearchResult.swift */ = {isa = PBXFileReference; lastKnownFileType = sourcecode.swift; path = SearchResult.swift; sourceTree = "<group>"; };
		48854525258604C200274C85 /* LoadingCell.xib */ = {isa = PBXFileReference; lastKnownFileType = file.xib; path = LoadingCell.xib; sourceTree = "<group>"; };
		48AB00AE2594E7420052B518 /* DimmingPresentationController.swift */ = {isa = PBXFileReference; lastKnownFileType = sourcecode.swift; path = DimmingPresentationController.swift; sourceTree = "<group>"; };
		48C754A42592B445002CC9B1 /* UIImageView+DownloadImage.swift */ = {isa = PBXFileReference; lastKnownFileType = sourcecode.swift; path = "UIImageView+DownloadImage.swift"; sourceTree = "<group>"; };
		48DC93A4257B870A0014E201 /* SearchResultCell.xib */ = {isa = PBXFileReference; lastKnownFileType = file.xib; path = SearchResultCell.xib; sourceTree = "<group>"; };
/* End PBXFileReference section */

/* Begin PBXFrameworksBuildPhase section */
		486486202577DF2500C9B1E7 /* Frameworks */ = {
			isa = PBXFrameworksBuildPhase;
			buildActionMask = 2147483647;
			files = (
			);
			runOnlyForDeploymentPostprocessing = 0;
		};
		486486392577DF2700C9B1E7 /* Frameworks */ = {
			isa = PBXFrameworksBuildPhase;
			buildActionMask = 2147483647;
			files = (
			);
			runOnlyForDeploymentPostprocessing = 0;
		};
		486486442577DF2700C9B1E7 /* Frameworks */ = {
			isa = PBXFrameworksBuildPhase;
			buildActionMask = 2147483647;
			files = (
			);
			runOnlyForDeploymentPostprocessing = 0;
		};
/* End PBXFrameworksBuildPhase section */

/* Begin PBXGroup section */
		4864861A2577DF2500C9B1E7 = {
			isa = PBXGroup;
			children = (
				48AB00AE2594E7420052B518 /* DimmingPresentationController.swift */,
				4867BE762593FF02007C1F35 /* DetailViewController.swift */,
				488545202584C24900274C85 /* SearchResult.swift */,
				48C754A42592B445002CC9B1 /* UIImageView+DownloadImage.swift */,
				486486252577DF2500C9B1E7 /* StoreSearch */,
				4864863F2577DF2700C9B1E7 /* StoreSearchTests */,
				4864864A2577DF2700C9B1E7 /* StoreSearchUITests */,
				486486242577DF2500C9B1E7 /* Products */,
			);
			sourceTree = "<group>";
		};
		486486242577DF2500C9B1E7 /* Products */ = {
			isa = PBXGroup;
			children = (
				486486232577DF2500C9B1E7 /* StoreSearch.app */,
				4864863C2577DF2700C9B1E7 /* StoreSearchTests.xctest */,
				486486472577DF2700C9B1E7 /* StoreSearchUITests.xctest */,
			);
			name = Products;
			sourceTree = "<group>";
		};
		486486252577DF2500C9B1E7 /* StoreSearch */ = {
			isa = PBXGroup;
			children = (
				486486262577DF2500C9B1E7 /* AppDelegate.swift */,
				486486322577DF2600C9B1E7 /* Assets.xcassets */,
				486486372577DF2600C9B1E7 /* Info.plist */,
				4864862C2577DF2500C9B1E7 /* Main.storyboard */,
				48854525258604C200274C85 /* LoadingCell.xib */,
				486486282577DF2500C9B1E7 /* SceneDelegate.swift */,
				48DC93A4257B870A0014E201 /* SearchResultCell.xib */,
				4864862F2577DF2500C9B1E7 /* StoreSearch.xcdatamodeld */,
				4864862A2577DF2500C9B1E7 /* StoreSearchViewController.swift */,
				480E4779257EE79C005E21A2 /* NothingFoundCell.xib */,
				482A96AD257CD6F400D21D79 /* SearchResultCell.swift */,
			);
			path = StoreSearch;
			sourceTree = "<group>";
		};
		4864863F2577DF2700C9B1E7 /* StoreSearchTests */ = {
			isa = PBXGroup;
			children = (
				486486402577DF2700C9B1E7 /* StoreSearchTests.swift */,
				486486422577DF2700C9B1E7 /* Info.plist */,
			);
			path = StoreSearchTests;
			sourceTree = "<group>";
		};
		4864864A2577DF2700C9B1E7 /* StoreSearchUITests */ = {
			isa = PBXGroup;
			children = (
				4864864B2577DF2700C9B1E7 /* StoreSearchUITests.swift */,
				4864864D2577DF2700C9B1E7 /* Info.plist */,
			);
			path = StoreSearchUITests;
			sourceTree = "<group>";
		};
/* End PBXGroup section */

/* Begin PBXNativeTarget section */
		486486222577DF2500C9B1E7 /* StoreSearch */ = {
			isa = PBXNativeTarget;
			buildConfigurationList = 486486502577DF2700C9B1E7 /* Build configuration list for PBXNativeTarget "StoreSearch" */;
			buildPhases = (
				4864861F2577DF2500C9B1E7 /* Sources */,
				486486202577DF2500C9B1E7 /* Frameworks */,
				486486212577DF2500C9B1E7 /* Resources */,
			);
			buildRules = (
			);
			dependencies = (
			);
			name = StoreSearch;
			productName = StoreSearch;
			productReference = 486486232577DF2500C9B1E7 /* StoreSearch.app */;
			productType = "com.apple.product-type.application";
		};
		4864863B2577DF2700C9B1E7 /* StoreSearchTests */ = {
			isa = PBXNativeTarget;
			buildConfigurationList = 486486532577DF2700C9B1E7 /* Build configuration list for PBXNativeTarget "StoreSearchTests" */;
			buildPhases = (
				486486382577DF2700C9B1E7 /* Sources */,
				486486392577DF2700C9B1E7 /* Frameworks */,
				4864863A2577DF2700C9B1E7 /* Resources */,
			);
			buildRules = (
			);
			dependencies = (
				4864863E2577DF2700C9B1E7 /* PBXTargetDependency */,
			);
			name = StoreSearchTests;
			productName = StoreSearchTests;
			productReference = 4864863C2577DF2700C9B1E7 /* StoreSearchTests.xctest */;
			productType = "com.apple.product-type.bundle.unit-test";
		};
		486486462577DF2700C9B1E7 /* StoreSearchUITests */ = {
			isa = PBXNativeTarget;
			buildConfigurationList = 486486562577DF2700C9B1E7 /* Build configuration list for PBXNativeTarget "StoreSearchUITests" */;
			buildPhases = (
				486486432577DF2700C9B1E7 /* Sources */,
				486486442577DF2700C9B1E7 /* Frameworks */,
				486486452577DF2700C9B1E7 /* Resources */,
			);
			buildRules = (
			);
			dependencies = (
				486486492577DF2700C9B1E7 /* PBXTargetDependency */,
			);
			name = StoreSearchUITests;
			productName = StoreSearchUITests;
			productReference = 486486472577DF2700C9B1E7 /* StoreSearchUITests.xctest */;
			productType = "com.apple.product-type.bundle.ui-testing";
		};
/* End PBXNativeTarget section */

/* Begin PBXProject section */
		4864861B2577DF2500C9B1E7 /* Project object */ = {
			isa = PBXProject;
			attributes = {
				LastSwiftUpdateCheck = 1220;
				LastUpgradeCheck = 1220;
				TargetAttributes = {
					486486222577DF2500C9B1E7 = {
						CreatedOnToolsVersion = 12.2;
					};
					4864863B2577DF2700C9B1E7 = {
						CreatedOnToolsVersion = 12.2;
						TestTargetID = 486486222577DF2500C9B1E7;
					};
					486486462577DF2700C9B1E7 = {
						CreatedOnToolsVersion = 12.2;
						TestTargetID = 486486222577DF2500C9B1E7;
					};
				};
			};
			buildConfigurationList = 4864861E2577DF2500C9B1E7 /* Build configuration list for PBXProject "StoreSearch" */;
			compatibilityVersion = "Xcode 9.3";
			developmentRegion = en;
			hasScannedForEncodings = 0;
			knownRegions = (
				en,
				Base,
			);
			mainGroup = 4864861A2577DF2500C9B1E7;
			productRefGroup = 486486242577DF2500C9B1E7 /* Products */;
			projectDirPath = "";
			projectRoot = "";
			targets = (
				486486222577DF2500C9B1E7 /* StoreSearch */,
				4864863B2577DF2700C9B1E7 /* StoreSearchTests */,
				486486462577DF2700C9B1E7 /* StoreSearchUITests */,
			);
		};
/* End PBXProject section */

/* Begin PBXResourcesBuildPhase section */
		486486212577DF2500C9B1E7 /* Resources */ = {
			isa = PBXResourcesBuildPhase;
			buildActionMask = 2147483647;
			files = (
				486486332577DF2600C9B1E7 /* Assets.xcassets in Resources */,
				48854526258604C200274C85 /* LoadingCell.xib in Resources */,
				48DC93A5257B870A0014E201 /* SearchResultCell.xib in Resources */,
				480E477A257EE79C005E21A2 /* NothingFoundCell.xib in Resources */,
				4864862E2577DF2500C9B1E7 /* Main.storyboard in Resources */,
			);
			runOnlyForDeploymentPostprocessing = 0;
		};
		4864863A2577DF2700C9B1E7 /* Resources */ = {
			isa = PBXResourcesBuildPhase;
			buildActionMask = 2147483647;
			files = (
			);
			runOnlyForDeploymentPostprocessing = 0;
		};
		486486452577DF2700C9B1E7 /* Resources */ = {
			isa = PBXResourcesBuildPhase;
			buildActionMask = 2147483647;
			files = (
			);
			runOnlyForDeploymentPostprocessing = 0;
		};
/* End PBXResourcesBuildPhase section */

/* Begin PBXSourcesBuildPhase section */
		4864861F2577DF2500C9B1E7 /* Sources */ = {
			isa = PBXSourcesBuildPhase;
			buildActionMask = 2147483647;
			files = (
				48C754A52592B445002CC9B1 /* UIImageView+DownloadImage.swift in Sources */,
				4864862B2577DF2500C9B1E7 /* StoreSearchViewController.swift in Sources */,
				486486272577DF2500C9B1E7 /* AppDelegate.swift in Sources */,
				486486292577DF2500C9B1E7 /* SceneDelegate.swift in Sources */,
				486486312577DF2500C9B1E7 /* StoreSearch.xcdatamodeld in Sources */,
				488545212584C24900274C85 /* SearchResult.swift in Sources */,
				4867BE772593FF02007C1F35 /* DetailViewController.swift in Sources */,
				482A96AE257CD6F400D21D79 /* SearchResultCell.swift in Sources */,
				48AB00AF2594E7420052B518 /* DimmingPresentationController.swift in Sources */,
			);
			runOnlyForDeploymentPostprocessing = 0;
		};
		486486382577DF2700C9B1E7 /* Sources */ = {
			isa = PBXSourcesBuildPhase;
			buildActionMask = 2147483647;
			files = (
				486486412577DF2700C9B1E7 /* StoreSearchTests.swift in Sources */,
			);
			runOnlyForDeploymentPostprocessing = 0;
		};
		486486432577DF2700C9B1E7 /* Sources */ = {
			isa = PBXSourcesBuildPhase;
			buildActionMask = 2147483647;
			files = (
				4864864C2577DF2700C9B1E7 /* StoreSearchUITests.swift in Sources */,
			);
			runOnlyForDeploymentPostprocessing = 0;
		};
/* End PBXSourcesBuildPhase section */

/* Begin PBXTargetDependency section */
		4864863E2577DF2700C9B1E7 /* PBXTargetDependency */ = {
			isa = PBXTargetDependency;
			target = 486486222577DF2500C9B1E7 /* StoreSearch */;
			targetProxy = 4864863D2577DF2700C9B1E7 /* PBXContainerItemProxy */;
		};
		486486492577DF2700C9B1E7 /* PBXTargetDependency */ = {
			isa = PBXTargetDependency;
			target = 486486222577DF2500C9B1E7 /* StoreSearch */;
			targetProxy = 486486482577DF2700C9B1E7 /* PBXContainerItemProxy */;
		};
/* End PBXTargetDependency section */

/* Begin PBXVariantGroup section */
		4864862C2577DF2500C9B1E7 /* Main.storyboard */ = {
			isa = PBXVariantGroup;
			children = (
				4864862D2577DF2500C9B1E7 /* Base */,
			);
			name = Main.storyboard;
			sourceTree = "<group>";
		};
/* End PBXVariantGroup section */

/* Begin XCBuildConfiguration section */
		4864864E2577DF2700C9B1E7 /* Debug */ = {
			isa = XCBuildConfiguration;
			buildSettings = {
				ALWAYS_SEARCH_USER_PATHS = NO;
				CLANG_ANALYZER_NONNULL = YES;
				CLANG_ANALYZER_NUMBER_OBJECT_CONVERSION = YES_AGGRESSIVE;
				CLANG_CXX_LANGUAGE_STANDARD = "gnu++14";
				CLANG_CXX_LIBRARY = "libc++";
				CLANG_ENABLE_MODULES = YES;
				CLANG_ENABLE_OBJC_ARC = YES;
				CLANG_ENABLE_OBJC_WEAK = YES;
				CLANG_WARN_BLOCK_CAPTURE_AUTORELEASING = YES;
				CLANG_WARN_BOOL_CONVERSION = YES;
				CLANG_WARN_COMMA = YES;
				CLANG_WARN_CONSTANT_CONVERSION = YES;
				CLANG_WARN_DEPRECATED_OBJC_IMPLEMENTATIONS = YES;
				CLANG_WARN_DIRECT_OBJC_ISA_USAGE = YES_ERROR;
				CLANG_WARN_DOCUMENTATION_COMMENTS = YES;
				CLANG_WARN_EMPTY_BODY = YES;
				CLANG_WARN_ENUM_CONVERSION = YES;
				CLANG_WARN_INFINITE_RECURSION = YES;
				CLANG_WARN_INT_CONVERSION = YES;
				CLANG_WARN_NON_LITERAL_NULL_CONVERSION = YES;
				CLANG_WARN_OBJC_IMPLICIT_RETAIN_SELF = YES;
				CLANG_WARN_OBJC_LITERAL_CONVERSION = YES;
				CLANG_WARN_OBJC_ROOT_CLASS = YES_ERROR;
				CLANG_WARN_QUOTED_INCLUDE_IN_FRAMEWORK_HEADER = YES;
				CLANG_WARN_RANGE_LOOP_ANALYSIS = YES;
				CLANG_WARN_STRICT_PROTOTYPES = YES;
				CLANG_WARN_SUSPICIOUS_MOVE = YES;
				CLANG_WARN_UNGUARDED_AVAILABILITY = YES_AGGRESSIVE;
				CLANG_WARN_UNREACHABLE_CODE = YES;
				CLANG_WARN__DUPLICATE_METHOD_MATCH = YES;
				COPY_PHASE_STRIP = NO;
				DEBUG_INFORMATION_FORMAT = dwarf;
				ENABLE_STRICT_OBJC_MSGSEND = YES;
				ENABLE_TESTABILITY = YES;
				GCC_C_LANGUAGE_STANDARD = gnu11;
				GCC_DYNAMIC_NO_PIC = NO;
				GCC_NO_COMMON_BLOCKS = YES;
				GCC_OPTIMIZATION_LEVEL = 0;
				GCC_PREPROCESSOR_DEFINITIONS = (
					"DEBUG=1",
					"$(inherited)",
				);
				GCC_WARN_64_TO_32_BIT_CONVERSION = YES;
				GCC_WARN_ABOUT_RETURN_TYPE = YES_ERROR;
				GCC_WARN_UNDECLARED_SELECTOR = YES;
				GCC_WARN_UNINITIALIZED_AUTOS = YES_AGGRESSIVE;
				GCC_WARN_UNUSED_FUNCTION = YES;
				GCC_WARN_UNUSED_VARIABLE = YES;
				IPHONEOS_DEPLOYMENT_TARGET = 14.2;
				MTL_ENABLE_DEBUG_INFO = INCLUDE_SOURCE;
				MTL_FAST_MATH = YES;
				ONLY_ACTIVE_ARCH = YES;
				SDKROOT = iphoneos;
				SWIFT_ACTIVE_COMPILATION_CONDITIONS = DEBUG;
				SWIFT_OPTIMIZATION_LEVEL = "-Onone";
			};
			name = Debug;
		};
		4864864F2577DF2700C9B1E7 /* Release */ = {
			isa = XCBuildConfiguration;
			buildSettings = {
				ALWAYS_SEARCH_USER_PATHS = NO;
				CLANG_ANALYZER_NONNULL = YES;
				CLANG_ANALYZER_NUMBER_OBJECT_CONVERSION = YES_AGGRESSIVE;
				CLANG_CXX_LANGUAGE_STANDARD = "gnu++14";
				CLANG_CXX_LIBRARY = "libc++";
				CLANG_ENABLE_MODULES = YES;
				CLANG_ENABLE_OBJC_ARC = YES;
				CLANG_ENABLE_OBJC_WEAK = YES;
				CLANG_WARN_BLOCK_CAPTURE_AUTORELEASING = YES;
				CLANG_WARN_BOOL_CONVERSION = YES;
				CLANG_WARN_COMMA = YES;
				CLANG_WARN_CONSTANT_CONVERSION = YES;
				CLANG_WARN_DEPRECATED_OBJC_IMPLEMENTATIONS = YES;
				CLANG_WARN_DIRECT_OBJC_ISA_USAGE = YES_ERROR;
				CLANG_WARN_DOCUMENTATION_COMMENTS = YES;
				CLANG_WARN_EMPTY_BODY = YES;
				CLANG_WARN_ENUM_CONVERSION = YES;
				CLANG_WARN_INFINITE_RECURSION = YES;
				CLANG_WARN_INT_CONVERSION = YES;
				CLANG_WARN_NON_LITERAL_NULL_CONVERSION = YES;
				CLANG_WARN_OBJC_IMPLICIT_RETAIN_SELF = YES;
				CLANG_WARN_OBJC_LITERAL_CONVERSION = YES;
				CLANG_WARN_OBJC_ROOT_CLASS = YES_ERROR;
				CLANG_WARN_QUOTED_INCLUDE_IN_FRAMEWORK_HEADER = YES;
				CLANG_WARN_RANGE_LOOP_ANALYSIS = YES;
				CLANG_WARN_STRICT_PROTOTYPES = YES;
				CLANG_WARN_SUSPICIOUS_MOVE = YES;
				CLANG_WARN_UNGUARDED_AVAILABILITY = YES_AGGRESSIVE;
				CLANG_WARN_UNREACHABLE_CODE = YES;
				CLANG_WARN__DUPLICATE_METHOD_MATCH = YES;
				COPY_PHASE_STRIP = NO;
				DEBUG_INFORMATION_FORMAT = "dwarf-with-dsym";
				ENABLE_NS_ASSERTIONS = NO;
				ENABLE_STRICT_OBJC_MSGSEND = YES;
				GCC_C_LANGUAGE_STANDARD = gnu11;
				GCC_NO_COMMON_BLOCKS = YES;
				GCC_WARN_64_TO_32_BIT_CONVERSION = YES;
				GCC_WARN_ABOUT_RETURN_TYPE = YES_ERROR;
				GCC_WARN_UNDECLARED_SELECTOR = YES;
				GCC_WARN_UNINITIALIZED_AUTOS = YES_AGGRESSIVE;
				GCC_WARN_UNUSED_FUNCTION = YES;
				GCC_WARN_UNUSED_VARIABLE = YES;
				IPHONEOS_DEPLOYMENT_TARGET = 14.2;
				MTL_ENABLE_DEBUG_INFO = NO;
				MTL_FAST_MATH = YES;
				SDKROOT = iphoneos;
				SWIFT_COMPILATION_MODE = wholemodule;
				SWIFT_OPTIMIZATION_LEVEL = "-O";
				VALIDATE_PRODUCT = YES;
			};
			name = Release;
		};
		486486512577DF2700C9B1E7 /* Debug */ = {
			isa = XCBuildConfiguration;
			buildSettings = {
				ASSETCATALOG_COMPILER_APPICON_NAME = AppIcon;
				ASSETCATALOG_COMPILER_GLOBAL_ACCENT_COLOR_NAME = AccentColor;
				CODE_SIGN_STYLE = Automatic;
				DEVELOPMENT_TEAM = NBQZGH6W8D;
				INFOPLIST_FILE = StoreSearch/Info.plist;
				LD_RUNPATH_SEARCH_PATHS = (
					"$(inherited)",
					"@executable_path/Frameworks",
				);
				PRODUCT_BUNDLE_IDENTIFIER = StoreSearchexample.vn;
				PRODUCT_NAME = "$(TARGET_NAME)";
				SWIFT_VERSION = 5.0;
				TARGETED_DEVICE_FAMILY = "1,2";
			};
			name = Debug;
		};
		486486522577DF2700C9B1E7 /* Release */ = {
			isa = XCBuildConfiguration;
			buildSettings = {
				ASSETCATALOG_COMPILER_APPICON_NAME = AppIcon;
				ASSETCATALOG_COMPILER_GLOBAL_ACCENT_COLOR_NAME = AccentColor;
				CODE_SIGN_STYLE = Automatic;
				DEVELOPMENT_TEAM = NBQZGH6W8D;
				INFOPLIST_FILE = StoreSearch/Info.plist;
				LD_RUNPATH_SEARCH_PATHS = (
					"$(inherited)",
					"@executable_path/Frameworks",
				);
				PRODUCT_BUNDLE_IDENTIFIER = StoreSearchexample.vn;
				PRODUCT_NAME = "$(TARGET_NAME)";
				SWIFT_VERSION = 5.0;
				TARGETED_DEVICE_FAMILY = "1,2";
			};
			name = Release;
		};
		486486542577DF2700C9B1E7 /* Debug */ = {
			isa = XCBuildConfiguration;
			buildSettings = {
				ALWAYS_EMBED_SWIFT_STANDARD_LIBRARIES = YES;
				BUNDLE_LOADER = "$(TEST_HOST)";
				CODE_SIGN_STYLE = Automatic;
				DEVELOPMENT_TEAM = NBQZGH6W8D;
				INFOPLIST_FILE = StoreSearchTests/Info.plist;
				IPHONEOS_DEPLOYMENT_TARGET = 14.2;
				LD_RUNPATH_SEARCH_PATHS = (
					"$(inherited)",
					"@executable_path/Frameworks",
					"@loader_path/Frameworks",
				);
				PRODUCT_BUNDLE_IDENTIFIER = example.vn.StoreSearchTests;
				PRODUCT_NAME = "$(TARGET_NAME)";
				SWIFT_VERSION = 5.0;
				TARGETED_DEVICE_FAMILY = "1,2";
				TEST_HOST = "$(BUILT_PRODUCTS_DIR)/StoreSearch.app/StoreSearch";
			};
			name = Debug;
		};
		486486552577DF2700C9B1E7 /* Release */ = {
			isa = XCBuildConfiguration;
			buildSettings = {
				ALWAYS_EMBED_SWIFT_STANDARD_LIBRARIES = YES;
				BUNDLE_LOADER = "$(TEST_HOST)";
				CODE_SIGN_STYLE = Automatic;
				DEVELOPMENT_TEAM = NBQZGH6W8D;
				INFOPLIST_FILE = StoreSearchTests/Info.plist;
				IPHONEOS_DEPLOYMENT_TARGET = 14.2;
				LD_RUNPATH_SEARCH_PATHS = (
					"$(inherited)",
					"@executable_path/Frameworks",
					"@loader_path/Frameworks",
				);
				PRODUCT_BUNDLE_IDENTIFIER = example.vn.StoreSearchTests;
				PRODUCT_NAME = "$(TARGET_NAME)";
				SWIFT_VERSION = 5.0;
				TARGETED_DEVICE_FAMILY = "1,2";
				TEST_HOST = "$(BUILT_PRODUCTS_DIR)/StoreSearch.app/StoreSearch";
			};
			name = Release;
		};
		486486572577DF2700C9B1E7 /* Debug */ = {
			isa = XCBuildConfiguration;
			buildSettings = {
				ALWAYS_EMBED_SWIFT_STANDARD_LIBRARIES = YES;
				CODE_SIGN_STYLE = Automatic;
				DEVELOPMENT_TEAM = NBQZGH6W8D;
				INFOPLIST_FILE = StoreSearchUITests/Info.plist;
				LD_RUNPATH_SEARCH_PATHS = (
					"$(inherited)",
					"@executable_path/Frameworks",
					"@loader_path/Frameworks",
				);
				PRODUCT_BUNDLE_IDENTIFIER = example.vn.StoreSearchUITests;
				PRODUCT_NAME = "$(TARGET_NAME)";
				SWIFT_VERSION = 5.0;
				TARGETED_DEVICE_FAMILY = "1,2";
				TEST_TARGET_NAME = StoreSearch;
			};
			name = Debug;
		};
		486486582577DF2700C9B1E7 /* Release */ = {
			isa = XCBuildConfiguration;
			buildSettings = {
				ALWAYS_EMBED_SWIFT_STANDARD_LIBRARIES = YES;
				CODE_SIGN_STYLE = Automatic;
				DEVELOPMENT_TEAM = NBQZGH6W8D;
				INFOPLIST_FILE = StoreSearchUITests/Info.plist;
				LD_RUNPATH_SEARCH_PATHS = (
					"$(inherited)",
					"@executable_path/Frameworks",
					"@loader_path/Frameworks",
				);
				PRODUCT_BUNDLE_IDENTIFIER = example.vn.StoreSearchUITests;
				PRODUCT_NAME = "$(TARGET_NAME)";
				SWIFT_VERSION = 5.0;
				TARGETED_DEVICE_FAMILY = "1,2";
				TEST_TARGET_NAME = StoreSearch;
			};
			name = Release;
		};
/* End XCBuildConfiguration section */

/* Begin XCConfigurationList section */
		4864861E2577DF2500C9B1E7 /* Build configuration list for PBXProject "StoreSearch" */ = {
			isa = XCConfigurationList;
			buildConfigurations = (
				4864864E2577DF2700C9B1E7 /* Debug */,
				4864864F2577DF2700C9B1E7 /* Release */,
			);
			defaultConfigurationIsVisible = 0;
			defaultConfigurationName = Release;
		};
		486486502577DF2700C9B1E7 /* Build configuration list for PBXNativeTarget "StoreSearch" */ = {
			isa = XCConfigurationList;
			buildConfigurations = (
				486486512577DF2700C9B1E7 /* Debug */,
				486486522577DF2700C9B1E7 /* Release */,
			);
			defaultConfigurationIsVisible = 0;
			defaultConfigurationName = Release;
		};
		486486532577DF2700C9B1E7 /* Build configuration list for PBXNativeTarget "StoreSearchTests" */ = {
			isa = XCConfigurationList;
			buildConfigurations = (
				486486542577DF2700C9B1E7 /* Debug */,
				486486552577DF2700C9B1E7 /* Release */,
			);
			defaultConfigurationIsVisible = 0;
			defaultConfigurationName = Release;
		};
		486486562577DF2700C9B1E7 /* Build configuration list for PBXNativeTarget "StoreSearchUITests" */ = {
			isa = XCConfigurationList;
			buildConfigurations = (
				486486572577DF2700C9B1E7 /* Debug */,
				486486582577DF2700C9B1E7 /* Release */,
			);
			defaultConfigurationIsVisible = 0;
			defaultConfigurationName = Release;
		};
/* End XCConfigurationList section */

/* Begin XCVersionGroup section */
		4864862F2577DF2500C9B1E7 /* StoreSearch.xcdatamodeld */ = {
			isa = XCVersionGroup;
			children = (
				486486302577DF2500C9B1E7 /* StoreSearch.xcdatamodel */,
			);
			currentVersion = 486486302577DF2500C9B1E7 /* StoreSearch.xcdatamodel */;
			path = StoreSearch.xcdatamodeld;
			sourceTree = "<group>";
			versionGroupType = wrapper.xcdatamodel;
		};
/* End XCVersionGroup section */
	};
	rootObject = 4864861B2577DF2500C9B1E7 /* Project object */;
}
