// !$*UTF8*$!
{
	archiveVersion = 1;
	classes = {
	};
	objectVersion = 50;
	objects = {

/* Begin PBXBuildFile section */
		48A160F22535336B000D17B9 /* AppDelegate.swift in Sources */ = {isa = PBXBuildFile; fileRef = 48A160F12535336B000D17B9 /* AppDelegate.swift */; };
		48A160F42535336B000D17B9 /* SceneDelegate.swift in Sources */ = {isa = PBXBuildFile; fileRef = 48A160F32535336B000D17B9 /* SceneDelegate.swift */; };
		48A160F62535336B000D17B9 /* CurrentLocationViewController.swift in Sources */ = {isa = PBXBuildFile; fileRef = 48A160F52535336B000D17B9 /* CurrentLocationViewController.swift */; };
		48A160F92535336B000D17B9 /* Main.storyboard in Resources */ = {isa = PBXBuildFile; fileRef = 48A160F72535336B000D17B9 /* Main.storyboard */; };
		48A160FC2535336B000D17B9 /* MyMap.xcdatamodeld in Sources */ = {isa = PBXBuildFile; fileRef = 48A160FA2535336B000D17B9 /* MyMap.xcdatamodeld */; };
		48A160FE2535336C000D17B9 /* Assets.xcassets in Resources */ = {isa = PBXBuildFile; fileRef = 48A160FD2535336C000D17B9 /* Assets.xcassets */; };
		48A161012535336C000D17B9 /* LaunchScreen.storyboard in Resources */ = {isa = PBXBuildFile; fileRef = 48A160FF2535336C000D17B9 /* LaunchScreen.storyboard */; };
		48A1610C2535336C000D17B9 /* MyMapTests.swift in Sources */ = {isa = PBXBuildFile; fileRef = 48A1610B2535336C000D17B9 /* MyMapTests.swift */; };
		48A161172535336C000D17B9 /* MyMapUITests.swift in Sources */ = {isa = PBXBuildFile; fileRef = 48A161162535336C000D17B9 /* MyMapUITests.swift */; };
/* End PBXBuildFile section */

/* Begin PBXContainerItemProxy section */
		48A161082535336C000D17B9 /* PBXContainerItemProxy */ = {
			isa = PBXContainerItemProxy;
			containerPortal = 48A160E62535336B000D17B9 /* Project object */;
			proxyType = 1;
			remoteGlobalIDString = 48A160ED2535336B000D17B9;
			remoteInfo = MyMap;
		};
		48A161132535336C000D17B9 /* PBXContainerItemProxy */ = {
			isa = PBXContainerItemProxy;
			containerPortal = 48A160E62535336B000D17B9 /* Project object */;
			proxyType = 1;
			remoteGlobalIDString = 48A160ED2535336B000D17B9;
			remoteInfo = MyMap;
		};
/* End PBXContainerItemProxy section */

/* Begin PBXFileReference section */
		48A160EE2535336B000D17B9 /* MyMap.app */ = {isa = PBXFileReference; explicitFileType = wrapper.application; includeInIndex = 0; path = MyMap.app; sourceTree = BUILT_PRODUCTS_DIR; };
		48A160F12535336B000D17B9 /* AppDelegate.swift */ = {isa = PBXFileReference; lastKnownFileType = sourcecode.swift; path = AppDelegate.swift; sourceTree = "<group>"; };
		48A160F32535336B000D17B9 /* SceneDelegate.swift */ = {isa = PBXFileReference; lastKnownFileType = sourcecode.swift; path = SceneDelegate.swift; sourceTree = "<group>"; };
		48A160F52535336B000D17B9 /* CurrentLocationViewController.swift */ = {isa = PBXFileReference; lastKnownFileType = sourcecode.swift; path = CurrentLocationViewController.swift; sourceTree = "<group>"; };
		48A160F82535336B000D17B9 /* Base */ = {isa = PBXFileReference; lastKnownFileType = file.storyboard; name = Base; path = Base.lproj/Main.storyboard; sourceTree = "<group>"; };
		48A160FB2535336B000D17B9 /* MyMap.xcdatamodel */ = {isa = PBXFileReference; lastKnownFileType = wrapper.xcdatamodel; path = MyMap.xcdatamodel; sourceTree = "<group>"; };
		48A160FD2535336C000D17B9 /* Assets.xcassets */ = {isa = PBXFileReference; lastKnownFileType = folder.assetcatalog; path = Assets.xcassets; sourceTree = "<group>"; };
		48A161002535336C000D17B9 /* Base */ = {isa = PBXFileReference; lastKnownFileType = file.storyboard; name = Base; path = Base.lproj/LaunchScreen.storyboard; sourceTree = "<group>"; };
		48A161022535336C000D17B9 /* Info.plist */ = {isa = PBXFileReference; lastKnownFileType = text.plist.xml; path = Info.plist; sourceTree = "<group>"; };
		48A161072535336C000D17B9 /* MyMapTests.xctest */ = {isa = PBXFileReference; explicitFileType = wrapper.cfbundle; includeInIndex = 0; path = MyMapTests.xctest; sourceTree = BUILT_PRODUCTS_DIR; };
		48A1610B2535336C000D17B9 /* MyMapTests.swift */ = {isa = PBXFileReference; lastKnownFileType = sourcecode.swift; path = MyMapTests.swift; sourceTree = "<group>"; };
		48A1610D2535336C000D17B9 /* Info.plist */ = {isa = PBXFileReference; lastKnownFileType = text.plist.xml; path = Info.plist; sourceTree = "<group>"; };
		48A161122535336C000D17B9 /* MyMapUITests.xctest */ = {isa = PBXFileReference; explicitFileType = wrapper.cfbundle; includeInIndex = 0; path = MyMapUITests.xctest; sourceTree = BUILT_PRODUCTS_DIR; };
		48A161162535336C000D17B9 /* MyMapUITests.swift */ = {isa = PBXFileReference; lastKnownFileType = sourcecode.swift; path = MyMapUITests.swift; sourceTree = "<group>"; };
		48A161182535336C000D17B9 /* Info.plist */ = {isa = PBXFileReference; lastKnownFileType = text.plist.xml; path = Info.plist; sourceTree = "<group>"; };
/* End PBXFileReference section */

/* Begin PBXFrameworksBuildPhase section */
		48A160EB2535336B000D17B9 /* Frameworks */ = {
			isa = PBXFrameworksBuildPhase;
			buildActionMask = 2147483647;
			files = (
			);
			runOnlyForDeploymentPostprocessing = 0;
		};
		48A161042535336C000D17B9 /* Frameworks */ = {
			isa = PBXFrameworksBuildPhase;
			buildActionMask = 2147483647;
			files = (
			);
			runOnlyForDeploymentPostprocessing = 0;
		};
		48A1610F2535336C000D17B9 /* Frameworks */ = {
			isa = PBXFrameworksBuildPhase;
			buildActionMask = 2147483647;
			files = (
			);
			runOnlyForDeploymentPostprocessing = 0;
		};
/* End PBXFrameworksBuildPhase section */

/* Begin PBXGroup section */
		48A160E52535336B000D17B9 = {
			isa = PBXGroup;
			children = (
				48A160F02535336B000D17B9 /* MyMap */,
				48A1610A2535336C000D17B9 /* MyMapTests */,
				48A161152535336C000D17B9 /* MyMapUITests */,
				48A160EF2535336B000D17B9 /* Products */,
			);
			sourceTree = "<group>";
		};
		48A160EF2535336B000D17B9 /* Products */ = {
			isa = PBXGroup;
			children = (
				48A160EE2535336B000D17B9 /* MyMap.app */,
				48A161072535336C000D17B9 /* MyMapTests.xctest */,
				48A161122535336C000D17B9 /* MyMapUITests.xctest */,
			);
			name = Products;
			sourceTree = "<group>";
		};
		48A160F02535336B000D17B9 /* MyMap */ = {
			isa = PBXGroup;
			children = (
				48A160F12535336B000D17B9 /* AppDelegate.swift */,
				48A160F32535336B000D17B9 /* SceneDelegate.swift */,
				48A160F52535336B000D17B9 /* CurrentLocationViewController.swift */,
				48A160F72535336B000D17B9 /* Main.storyboard */,
				48A160FD2535336C000D17B9 /* Assets.xcassets */,
				48A160FF2535336C000D17B9 /* LaunchScreen.storyboard */,
				48A161022535336C000D17B9 /* Info.plist */,
				48A160FA2535336B000D17B9 /* MyMap.xcdatamodeld */,
			);
			path = MyMap;
			sourceTree = "<group>";
		};
		48A1610A2535336C000D17B9 /* MyMapTests */ = {
			isa = PBXGroup;
			children = (
				48A1610B2535336C000D17B9 /* MyMapTests.swift */,
				48A1610D2535336C000D17B9 /* Info.plist */,
			);
			path = MyMapTests;
			sourceTree = "<group>";
		};
		48A161152535336C000D17B9 /* MyMapUITests */ = {
			isa = PBXGroup;
			children = (
				48A161162535336C000D17B9 /* MyMapUITests.swift */,
				48A161182535336C000D17B9 /* Info.plist */,
			);
			path = MyMapUITests;
			sourceTree = "<group>";
		};
/* End PBXGroup section */

/* Begin PBXNativeTarget section */
		48A160ED2535336B000D17B9 /* MyMap */ = {
			isa = PBXNativeTarget;
			buildConfigurationList = 48A1611B2535336C000D17B9 /* Build configuration list for PBXNativeTarget "MyMap" */;
			buildPhases = (
				48A160EA2535336B000D17B9 /* Sources */,
				48A160EB2535336B000D17B9 /* Frameworks */,
				48A160EC2535336B000D17B9 /* Resources */,
			);
			buildRules = (
			);
			dependencies = (
			);
			name = MyMap;
			productName = MyMap;
			productReference = 48A160EE2535336B000D17B9 /* MyMap.app */;
			productType = "com.apple.product-type.application";
		};
		48A161062535336C000D17B9 /* MyMapTests */ = {
			isa = PBXNativeTarget;
			buildConfigurationList = 48A1611E2535336C000D17B9 /* Build configuration list for PBXNativeTarget "MyMapTests" */;
			buildPhases = (
				48A161032535336C000D17B9 /* Sources */,
				48A161042535336C000D17B9 /* Frameworks */,
				48A161052535336C000D17B9 /* Resources */,
			);
			buildRules = (
			);
			dependencies = (
				48A161092535336C000D17B9 /* PBXTargetDependency */,
			);
			name = MyMapTests;
			productName = MyMapTests;
			productReference = 48A161072535336C000D17B9 /* MyMapTests.xctest */;
			productType = "com.apple.product-type.bundle.unit-test";
		};
		48A161112535336C000D17B9 /* MyMapUITests */ = {
			isa = PBXNativeTarget;
			buildConfigurationList = 48A161212535336C000D17B9 /* Build configuration list for PBXNativeTarget "MyMapUITests" */;
			buildPhases = (
				48A1610E2535336C000D17B9 /* Sources */,
				48A1610F2535336C000D17B9 /* Frameworks */,
				48A161102535336C000D17B9 /* Resources */,
			);
			buildRules = (
			);
			dependencies = (
				48A161142535336C000D17B9 /* PBXTargetDependency */,
			);
			name = MyMapUITests;
			productName = MyMapUITests;
			productReference = 48A161122535336C000D17B9 /* MyMapUITests.xctest */;
			productType = "com.apple.product-type.bundle.ui-testing";
		};
/* End PBXNativeTarget section */

/* Begin PBXProject section */
		48A160E62535336B000D17B9 /* Project object */ = {
			isa = PBXProject;
			attributes = {
				LastSwiftUpdateCheck = 1200;
				LastUpgradeCheck = 1200;
				TargetAttributes = {
					48A160ED2535336B000D17B9 = {
						CreatedOnToolsVersion = 12.0.1;
					};
					48A161062535336C000D17B9 = {
						CreatedOnToolsVersion = 12.0.1;
						TestTargetID = 48A160ED2535336B000D17B9;
					};
					48A161112535336C000D17B9 = {
						CreatedOnToolsVersion = 12.0.1;
						TestTargetID = 48A160ED2535336B000D17B9;
					};
				};
			};
			buildConfigurationList = 48A160E92535336B000D17B9 /* Build configuration list for PBXProject "MyMap" */;
			compatibilityVersion = "Xcode 9.3";
			developmentRegion = en;
			hasScannedForEncodings = 0;
			knownRegions = (
				en,
				Base,
			);
			mainGroup = 48A160E52535336B000D17B9;
			productRefGroup = 48A160EF2535336B000D17B9 /* Products */;
			projectDirPath = "";
			projectRoot = "";
			targets = (
				48A160ED2535336B000D17B9 /* MyMap */,
				48A161062535336C000D17B9 /* MyMapTests */,
				48A161112535336C000D17B9 /* MyMapUITests */,
			);
		};
/* End PBXProject section */

/* Begin PBXResourcesBuildPhase section */
		48A160EC2535336B000D17B9 /* Resources */ = {
			isa = PBXResourcesBuildPhase;
			buildActionMask = 2147483647;
			files = (
				48A161012535336C000D17B9 /* LaunchScreen.storyboard in Resources */,
				48A160FE2535336C000D17B9 /* Assets.xcassets in Resources */,
				48A160F92535336B000D17B9 /* Main.storyboard in Resources */,
			);
			runOnlyForDeploymentPostprocessing = 0;
		};
		48A161052535336C000D17B9 /* Resources */ = {
			isa = PBXResourcesBuildPhase;
			buildActionMask = 2147483647;
			files = (
			);
			runOnlyForDeploymentPostprocessing = 0;
		};
		48A161102535336C000D17B9 /* Resources */ = {
			isa = PBXResourcesBuildPhase;
			buildActionMask = 2147483647;
			files = (
			);
			runOnlyForDeploymentPostprocessing = 0;
		};
/* End PBXResourcesBuildPhase section */

/* Begin PBXSourcesBuildPhase section */
		48A160EA2535336B000D17B9 /* Sources */ = {
			isa = PBXSourcesBuildPhase;
			buildActionMask = 2147483647;
			files = (
				48A160F62535336B000D17B9 /* CurrentLocationViewController.swift in Sources */,
				48A160F22535336B000D17B9 /* AppDelegate.swift in Sources */,
				48A160FC2535336B000D17B9 /* MyMap.xcdatamodeld in Sources */,
				48A160F42535336B000D17B9 /* SceneDelegate.swift in Sources */,
			);
			runOnlyForDeploymentPostprocessing = 0;
		};
		48A161032535336C000D17B9 /* Sources */ = {
			isa = PBXSourcesBuildPhase;
			buildActionMask = 2147483647;
			files = (
				48A1610C2535336C000D17B9 /* MyMapTests.swift in Sources */,
			);
			runOnlyForDeploymentPostprocessing = 0;
		};
		48A1610E2535336C000D17B9 /* Sources */ = {
			isa = PBXSourcesBuildPhase;
			buildActionMask = 2147483647;
			files = (
				48A161172535336C000D17B9 /* MyMapUITests.swift in Sources */,
			);
			runOnlyForDeploymentPostprocessing = 0;
		};
/* End PBXSourcesBuildPhase section */

/* Begin PBXTargetDependency section */
		48A161092535336C000D17B9 /* PBXTargetDependency */ = {
			isa = PBXTargetDependency;
			target = 48A160ED2535336B000D17B9 /* MyMap */;
			targetProxy = 48A161082535336C000D17B9 /* PBXContainerItemProxy */;
		};
		48A161142535336C000D17B9 /* PBXTargetDependency */ = {
			isa = PBXTargetDependency;
			target = 48A160ED2535336B000D17B9 /* MyMap */;
			targetProxy = 48A161132535336C000D17B9 /* PBXContainerItemProxy */;
		};
/* End PBXTargetDependency section */

/* Begin PBXVariantGroup section */
		48A160F72535336B000D17B9 /* Main.storyboard */ = {
			isa = PBXVariantGroup;
			children = (
				48A160F82535336B000D17B9 /* Base */,
			);
			name = Main.storyboard;
			sourceTree = "<group>";
		};
		48A160FF2535336C000D17B9 /* LaunchScreen.storyboard */ = {
			isa = PBXVariantGroup;
			children = (
				48A161002535336C000D17B9 /* Base */,
			);
			name = LaunchScreen.storyboard;
			sourceTree = "<group>";
		};
/* End PBXVariantGroup section */

/* Begin XCBuildConfiguration section */
		48A161192535336C000D17B9 /* Debug */ = {
			isa = XCBuildConfiguration;
			buildSettings = {
				ALWAYS_SEARCH_USER_PATHS = NO;
				CLANG_ANALYZER_NONNULL = YES;
				CLANG_ANALYZER_NUMBER_OBJECT_CONVERSION = YES_AGGRESSIVE;
				CLANG_CXX_LANGUAGE_STANDARD = "gnu++14";
				CLANG_CXX_LIBRARY = "libc++";
				CLANG_ENABLE_MODULES = YES;
				CLANG_ENABLE_OBJC_ARC = YES;
				CLANG_ENABLE_OBJC_WEAK = YES;
				CLANG_WARN_BLOCK_CAPTURE_AUTORELEASING = YES;
				CLANG_WARN_BOOL_CONVERSION = YES;
				CLANG_WARN_COMMA = YES;
				CLANG_WARN_CONSTANT_CONVERSION = YES;
				CLANG_WARN_DEPRECATED_OBJC_IMPLEMENTATIONS = YES;
				CLANG_WARN_DIRECT_OBJC_ISA_USAGE = YES_ERROR;
				CLANG_WARN_DOCUMENTATION_COMMENTS = YES;
				CLANG_WARN_EMPTY_BODY = YES;
				CLANG_WARN_ENUM_CONVERSION = YES;
				CLANG_WARN_INFINITE_RECURSION = YES;
				CLANG_WARN_INT_CONVERSION = YES;
				CLANG_WARN_NON_LITERAL_NULL_CONVERSION = YES;
				CLANG_WARN_OBJC_IMPLICIT_RETAIN_SELF = YES;
				CLANG_WARN_OBJC_LITERAL_CONVERSION = YES;
				CLANG_WARN_OBJC_ROOT_CLASS = YES_ERROR;
				CLANG_WARN_QUOTED_INCLUDE_IN_FRAMEWORK_HEADER = YES;
				CLANG_WARN_RANGE_LOOP_ANALYSIS = YES;
				CLANG_WARN_STRICT_PROTOTYPES = YES;
				CLANG_WARN_SUSPICIOUS_MOVE = YES;
				CLANG_WARN_UNGUARDED_AVAILABILITY = YES_AGGRESSIVE;
				CLANG_WARN_UNREACHABLE_CODE = YES;
				CLANG_WARN__DUPLICATE_METHOD_MATCH = YES;
				COPY_PHASE_STRIP = NO;
				DEBUG_INFORMATION_FORMAT = dwarf;
				ENABLE_STRICT_OBJC_MSGSEND = YES;
				ENABLE_TESTABILITY = YES;
				GCC_C_LANGUAGE_STANDARD = gnu11;
				GCC_DYNAMIC_NO_PIC = NO;
				GCC_NO_COMMON_BLOCKS = YES;
				GCC_OPTIMIZATION_LEVEL = 0;
				GCC_PREPROCESSOR_DEFINITIONS = (
					"DEBUG=1",
					"$(inherited)",
				);
				GCC_WARN_64_TO_32_BIT_CONVERSION = YES;
				GCC_WARN_ABOUT_RETURN_TYPE = YES_ERROR;
				GCC_WARN_UNDECLARED_SELECTOR = YES;
				GCC_WARN_UNINITIALIZED_AUTOS = YES_AGGRESSIVE;
				GCC_WARN_UNUSED_FUNCTION = YES;
				GCC_WARN_UNUSED_VARIABLE = YES;
				IPHONEOS_DEPLOYMENT_TARGET = 14.0;
				MTL_ENABLE_DEBUG_INFO = INCLUDE_SOURCE;
				MTL_FAST_MATH = YES;
				ONLY_ACTIVE_ARCH = YES;
				SDKROOT = iphoneos;
				SWIFT_ACTIVE_COMPILATION_CONDITIONS = DEBUG;
				SWIFT_OPTIMIZATION_LEVEL = "-Onone";
			};
			name = Debug;
		};
		48A1611A2535336C000D17B9 /* Release */ = {
			isa = XCBuildConfiguration;
			buildSettings = {
				ALWAYS_SEARCH_USER_PATHS = NO;
				CLANG_ANALYZER_NONNULL = YES;
				CLANG_ANALYZER_NUMBER_OBJECT_CONVERSION = YES_AGGRESSIVE;
				CLANG_CXX_LANGUAGE_STANDARD = "gnu++14";
				CLANG_CXX_LIBRARY = "libc++";
				CLANG_ENABLE_MODULES = YES;
				CLANG_ENABLE_OBJC_ARC = YES;
				CLANG_ENABLE_OBJC_WEAK = YES;
				CLANG_WARN_BLOCK_CAPTURE_AUTORELEASING = YES;
				CLANG_WARN_BOOL_CONVERSION = YES;
				CLANG_WARN_COMMA = YES;
				CLANG_WARN_CONSTANT_CONVERSION = YES;
				CLANG_WARN_DEPRECATED_OBJC_IMPLEMENTATIONS = YES;
				CLANG_WARN_DIRECT_OBJC_ISA_USAGE = YES_ERROR;
				CLANG_WARN_DOCUMENTATION_COMMENTS = YES;
				CLANG_WARN_EMPTY_BODY = YES;
				CLANG_WARN_ENUM_CONVERSION = YES;
				CLANG_WARN_INFINITE_RECURSION = YES;
				CLANG_WARN_INT_CONVERSION = YES;
				CLANG_WARN_NON_LITERAL_NULL_CONVERSION = YES;
				CLANG_WARN_OBJC_IMPLICIT_RETAIN_SELF = YES;
				CLANG_WARN_OBJC_LITERAL_CONVERSION = YES;
				CLANG_WARN_OBJC_ROOT_CLASS = YES_ERROR;
				CLANG_WARN_QUOTED_INCLUDE_IN_FRAMEWORK_HEADER = YES;
				CLANG_WARN_RANGE_LOOP_ANALYSIS = YES;
				CLANG_WARN_STRICT_PROTOTYPES = YES;
				CLANG_WARN_SUSPICIOUS_MOVE = YES;
				CLANG_WARN_UNGUARDED_AVAILABILITY = YES_AGGRESSIVE;
				CLANG_WARN_UNREACHABLE_CODE = YES;
				CLANG_WARN__DUPLICATE_METHOD_MATCH = YES;
				COPY_PHASE_STRIP = NO;
				DEBUG_INFORMATION_FORMAT = "dwarf-with-dsym";
				ENABLE_NS_ASSERTIONS = NO;
				ENABLE_STRICT_OBJC_MSGSEND = YES;
				GCC_C_LANGUAGE_STANDARD = gnu11;
				GCC_NO_COMMON_BLOCKS = YES;
				GCC_WARN_64_TO_32_BIT_CONVERSION = YES;
				GCC_WARN_ABOUT_RETURN_TYPE = YES_ERROR;
				GCC_WARN_UNDECLARED_SELECTOR = YES;
				GCC_WARN_UNINITIALIZED_AUTOS = YES_AGGRESSIVE;
				GCC_WARN_UNUSED_FUNCTION = YES;
				GCC_WARN_UNUSED_VARIABLE = YES;
				IPHONEOS_DEPLOYMENT_TARGET = 14.0;
				MTL_ENABLE_DEBUG_INFO = NO;
				MTL_FAST_MATH = YES;
				SDKROOT = iphoneos;
				SWIFT_COMPILATION_MODE = wholemodule;
				SWIFT_OPTIMIZATION_LEVEL = "-O";
				VALIDATE_PRODUCT = YES;
			};
			name = Release;
		};
		48A1611C2535336C000D17B9 /* Debug */ = {
			isa = XCBuildConfiguration;
			buildSettings = {
				ASSETCATALOG_COMPILER_APPICON_NAME = AppIcon;
				ASSETCATALOG_COMPILER_GLOBAL_ACCENT_COLOR_NAME = AccentColor;
				CODE_SIGN_STYLE = Automatic;
				DEVELOPMENT_TEAM = NBQZGH6W8D;
				INFOPLIST_FILE = MyMap/Info.plist;
				LD_RUNPATH_SEARCH_PATHS = (
					"$(inherited)",
					"@executable_path/Frameworks",
				);
				PRODUCT_BUNDLE_IDENTIFIER = example.vn.MyMap;
				PRODUCT_NAME = "$(TARGET_NAME)";
				SWIFT_VERSION = 5.0;
				TARGETED_DEVICE_FAMILY = "1,2";
			};
			name = Debug;
		};
		48A1611D2535336C000D17B9 /* Release */ = {
			isa = XCBuildConfiguration;
			buildSettings = {
				ASSETCATALOG_COMPILER_APPICON_NAME = AppIcon;
				ASSETCATALOG_COMPILER_GLOBAL_ACCENT_COLOR_NAME = AccentColor;
				CODE_SIGN_STYLE = Automatic;
				DEVELOPMENT_TEAM = NBQZGH6W8D;
				INFOPLIST_FILE = MyMap/Info.plist;
				LD_RUNPATH_SEARCH_PATHS = (
					"$(inherited)",
					"@executable_path/Frameworks",
				);
				PRODUCT_BUNDLE_IDENTIFIER = example.vn.MyMap;
				PRODUCT_NAME = "$(TARGET_NAME)";
				SWIFT_VERSION = 5.0;
				TARGETED_DEVICE_FAMILY = "1,2";
			};
			name = Release;
		};
		48A1611F2535336C000D17B9 /* Debug */ = {
			isa = XCBuildConfiguration;
			buildSettings = {
				ALWAYS_EMBED_SWIFT_STANDARD_LIBRARIES = YES;
				BUNDLE_LOADER = "$(TEST_HOST)";
				CODE_SIGN_STYLE = Automatic;
				DEVELOPMENT_TEAM = NBQZGH6W8D;
				INFOPLIST_FILE = MyMapTests/Info.plist;
				IPHONEOS_DEPLOYMENT_TARGET = 14.0;
				LD_RUNPATH_SEARCH_PATHS = (
					"$(inherited)",
					"@executable_path/Frameworks",
					"@loader_path/Frameworks",
				);
				PRODUCT_BUNDLE_IDENTIFIER = example.vn.MyMapTests;
				PRODUCT_NAME = "$(TARGET_NAME)";
				SWIFT_VERSION = 5.0;
				TARGETED_DEVICE_FAMILY = "1,2";
				TEST_HOST = "$(BUILT_PRODUCTS_DIR)/MyMap.app/MyMap";
			};
			name = Debug;
		};
		48A161202535336C000D17B9 /* Release */ = {
			isa = XCBuildConfiguration;
			buildSettings = {
				ALWAYS_EMBED_SWIFT_STANDARD_LIBRARIES = YES;
				BUNDLE_LOADER = "$(TEST_HOST)";
				CODE_SIGN_STYLE = Automatic;
				DEVELOPMENT_TEAM = NBQZGH6W8D;
				INFOPLIST_FILE = MyMapTests/Info.plist;
				IPHONEOS_DEPLOYMENT_TARGET = 14.0;
				LD_RUNPATH_SEARCH_PATHS = (
					"$(inherited)",
					"@executable_path/Frameworks",
					"@loader_path/Frameworks",
				);
				PRODUCT_BUNDLE_IDENTIFIER = example.vn.MyMapTests;
				PRODUCT_NAME = "$(TARGET_NAME)";
				SWIFT_VERSION = 5.0;
				TARGETED_DEVICE_FAMILY = "1,2";
				TEST_HOST = "$(BUILT_PRODUCTS_DIR)/MyMap.app/MyMap";
			};
			name = Release;
		};
		48A161222535336C000D17B9 /* Debug */ = {
			isa = XCBuildConfiguration;
			buildSettings = {
				ALWAYS_EMBED_SWIFT_STANDARD_LIBRARIES = YES;
				CODE_SIGN_STYLE = Automatic;
				DEVELOPMENT_TEAM = NBQZGH6W8D;
				INFOPLIST_FILE = MyMapUITests/Info.plist;
				LD_RUNPATH_SEARCH_PATHS = (
					"$(inherited)",
					"@executable_path/Frameworks",
					"@loader_path/Frameworks",
				);
				PRODUCT_BUNDLE_IDENTIFIER = example.vn.MyMapUITests;
				PRODUCT_NAME = "$(TARGET_NAME)";
				SWIFT_VERSION = 5.0;
				TARGETED_DEVICE_FAMILY = "1,2";
				TEST_TARGET_NAME = MyMap;
			};
			name = Debug;
		};
		48A161232535336C000D17B9 /* Release */ = {
			isa = XCBuildConfiguration;
			buildSettings = {
				ALWAYS_EMBED_SWIFT_STANDARD_LIBRARIES = YES;
				CODE_SIGN_STYLE = Automatic;
				DEVELOPMENT_TEAM = NBQZGH6W8D;
				INFOPLIST_FILE = MyMapUITests/Info.plist;
				LD_RUNPATH_SEARCH_PATHS = (
					"$(inherited)",
					"@executable_path/Frameworks",
					"@loader_path/Frameworks",
				);
				PRODUCT_BUNDLE_IDENTIFIER = example.vn.MyMapUITests;
				PRODUCT_NAME = "$(TARGET_NAME)";
				SWIFT_VERSION = 5.0;
				TARGETED_DEVICE_FAMILY = "1,2";
				TEST_TARGET_NAME = MyMap;
			};
			name = Release;
		};
/* End XCBuildConfiguration section */

/* Begin XCConfigurationList section */
		48A160E92535336B000D17B9 /* Build configuration list for PBXProject "MyMap" */ = {
			isa = XCConfigurationList;
			buildConfigurations = (
				48A161192535336C000D17B9 /* Debug */,
				48A1611A2535336C000D17B9 /* Release */,
			);
			defaultConfigurationIsVisible = 0;
			defaultConfigurationName = Release;
		};
		48A1611B2535336C000D17B9 /* Build configuration list for PBXNativeTarget "MyMap" */ = {
			isa = XCConfigurationList;
			buildConfigurations = (
				48A1611C2535336C000D17B9 /* Debug */,
				48A1611D2535336C000D17B9 /* Release */,
			);
			defaultConfigurationIsVisible = 0;
			defaultConfigurationName = Release;
		};
		48A1611E2535336C000D17B9 /* Build configuration list for PBXNativeTarget "MyMapTests" */ = {
			isa = XCConfigurationList;
			buildConfigurations = (
				48A1611F2535336C000D17B9 /* Debug */,
				48A161202535336C000D17B9 /* Release */,
			);
			defaultConfigurationIsVisible = 0;
			defaultConfigurationName = Release;
		};
		48A161212535336C000D17B9 /* Build configuration list for PBXNativeTarget "MyMapUITests" */ = {
			isa = XCConfigurationList;
			buildConfigurations = (
				48A161222535336C000D17B9 /* Debug */,
				48A161232535336C000D17B9 /* Release */,
			);
			defaultConfigurationIsVisible = 0;
			defaultConfigurationName = Release;
		};
/* End XCConfigurationList section */

/* Begin XCVersionGroup section */
		48A160FA2535336B000D17B9 /* MyMap.xcdatamodeld */ = {
			isa = XCVersionGroup;
			children = (
				48A160FB2535336B000D17B9 /* MyMap.xcdatamodel */,
			);
			currentVersion = 48A160FB2535336B000D17B9 /* MyMap.xcdatamodel */;
			path = MyMap.xcdatamodeld;
			sourceTree = "<group>";
			versionGroupType = wrapper.xcdatamodel;
		};
/* End XCVersionGroup section */
	};
	rootObject = 48A160E62535336B000D17B9 /* Project object */;
}
