// !$*UTF8*$!
{
	archiveVersion = 1;
	classes = {
	};
	objectVersion = 50;
	objects = {

/* Begin PBXBuildFile section */
		48475F1E25E01AE900B1D917 /* AppDelegate.swift in Sources */ = {isa = PBXBuildFile; fileRef = 48475F1D25E01AE900B1D917 /* AppDelegate.swift */; };
		48475F2025E01AE900B1D917 /* SceneDelegate.swift in Sources */ = {isa = PBXBuildFile; fileRef = 48475F1F25E01AE900B1D917 /* SceneDelegate.swift */; };
		48475F2225E01AE900B1D917 /* FaceDetectionViewController.swift in Sources */ = {isa = PBXBuildFile; fileRef = 48475F2125E01AE900B1D917 /* FaceDetectionViewController.swift */; };
		48475F2525E01AE900B1D917 /* Main.storyboard in Resources */ = {isa = PBXBuildFile; fileRef = 48475F2325E01AE900B1D917 /* Main.storyboard */; };
		48475F2825E01AE900B1D917 /* project_1.xcdatamodeld in Sources */ = {isa = PBXBuildFile; fileRef = 48475F2625E01AE900B1D917 /* project_1.xcdatamodeld */; };
		48475F2A25E01AED00B1D917 /* Assets.xcassets in Resources */ = {isa = PBXBuildFile; fileRef = 48475F2925E01AED00B1D917 /* Assets.xcassets */; };
		48475F2D25E01AED00B1D917 /* LaunchScreen.storyboard in Resources */ = {isa = PBXBuildFile; fileRef = 48475F2B25E01AED00B1D917 /* LaunchScreen.storyboard */; };
		48475F3825E01AEE00B1D917 /* project_1Tests.swift in Sources */ = {isa = PBXBuildFile; fileRef = 48475F3725E01AEE00B1D917 /* project_1Tests.swift */; };
		48475F4325E01AEE00B1D917 /* project_1UITests.swift in Sources */ = {isa = PBXBuildFile; fileRef = 48475F4225E01AEE00B1D917 /* project_1UITests.swift */; };
		48475F5525E01B8F00B1D917 /* CoreGraphicExtensions.swift in Sources */ = {isa = PBXBuildFile; fileRef = 48475F5425E01B8F00B1D917 /* CoreGraphicExtensions.swift */; };
		48475F5D25E01C1900B1D917 /* FaceView.swift in Sources */ = {isa = PBXBuildFile; fileRef = 48475F5C25E01C1900B1D917 /* FaceView.swift */; };
/* End PBXBuildFile section */

/* Begin PBXContainerItemProxy section */
		48475F3425E01AEE00B1D917 /* PBXContainerItemProxy */ = {
			isa = PBXContainerItemProxy;
			containerPortal = 48475F1225E01AE900B1D917 /* Project object */;
			proxyType = 1;
			remoteGlobalIDString = 48475F1925E01AE900B1D917;
			remoteInfo = project_1;
		};
		48475F3F25E01AEE00B1D917 /* PBXContainerItemProxy */ = {
			isa = PBXContainerItemProxy;
			containerPortal = 48475F1225E01AE900B1D917 /* Project object */;
			proxyType = 1;
			remoteGlobalIDString = 48475F1925E01AE900B1D917;
			remoteInfo = project_1;
		};
/* End PBXContainerItemProxy section */

/* Begin PBXFileReference section */
		48475F1A25E01AE900B1D917 /* project_1.app */ = {isa = PBXFileReference; explicitFileType = wrapper.application; includeInIndex = 0; path = project_1.app; sourceTree = BUILT_PRODUCTS_DIR; };
		48475F1D25E01AE900B1D917 /* AppDelegate.swift */ = {isa = PBXFileReference; lastKnownFileType = sourcecode.swift; path = AppDelegate.swift; sourceTree = "<group>"; };
		48475F1F25E01AE900B1D917 /* SceneDelegate.swift */ = {isa = PBXFileReference; lastKnownFileType = sourcecode.swift; path = SceneDelegate.swift; sourceTree = "<group>"; };
		48475F2125E01AE900B1D917 /* FaceDetectionViewController.swift */ = {isa = PBXFileReference; lastKnownFileType = sourcecode.swift; path = FaceDetectionViewController.swift; sourceTree = "<group>"; };
		48475F2425E01AE900B1D917 /* Base */ = {isa = PBXFileReference; lastKnownFileType = file.storyboard; name = Base; path = Base.lproj/Main.storyboard; sourceTree = "<group>"; };
		48475F2725E01AE900B1D917 /* project_1.xcdatamodel */ = {isa = PBXFileReference; lastKnownFileType = wrapper.xcdatamodel; path = project_1.xcdatamodel; sourceTree = "<group>"; };
		48475F2925E01AED00B1D917 /* Assets.xcassets */ = {isa = PBXFileReference; lastKnownFileType = folder.assetcatalog; path = Assets.xcassets; sourceTree = "<group>"; };
		48475F2C25E01AED00B1D917 /* Base */ = {isa = PBXFileReference; lastKnownFileType = file.storyboard; name = Base; path = Base.lproj/LaunchScreen.storyboard; sourceTree = "<group>"; };
		48475F2E25E01AED00B1D917 /* Info.plist */ = {isa = PBXFileReference; lastKnownFileType = text.plist.xml; path = Info.plist; sourceTree = "<group>"; };
		48475F3325E01AEE00B1D917 /* project_1Tests.xctest */ = {isa = PBXFileReference; explicitFileType = wrapper.cfbundle; includeInIndex = 0; path = project_1Tests.xctest; sourceTree = BUILT_PRODUCTS_DIR; };
		48475F3725E01AEE00B1D917 /* project_1Tests.swift */ = {isa = PBXFileReference; lastKnownFileType = sourcecode.swift; path = project_1Tests.swift; sourceTree = "<group>"; };
		48475F3925E01AEE00B1D917 /* Info.plist */ = {isa = PBXFileReference; lastKnownFileType = text.plist.xml; path = Info.plist; sourceTree = "<group>"; };
		48475F3E25E01AEE00B1D917 /* project_1UITests.xctest */ = {isa = PBXFileReference; explicitFileType = wrapper.cfbundle; includeInIndex = 0; path = project_1UITests.xctest; sourceTree = BUILT_PRODUCTS_DIR; };
		48475F4225E01AEE00B1D917 /* project_1UITests.swift */ = {isa = PBXFileReference; lastKnownFileType = sourcecode.swift; path = project_1UITests.swift; sourceTree = "<group>"; };
		48475F4425E01AEE00B1D917 /* Info.plist */ = {isa = PBXFileReference; lastKnownFileType = text.plist.xml; path = Info.plist; sourceTree = "<group>"; };
		48475F5425E01B8F00B1D917 /* CoreGraphicExtensions.swift */ = {isa = PBXFileReference; lastKnownFileType = sourcecode.swift; path = CoreGraphicExtensions.swift; sourceTree = "<group>"; };
		48475F5C25E01C1900B1D917 /* FaceView.swift */ = {isa = PBXFileReference; lastKnownFileType = sourcecode.swift; path = FaceView.swift; sourceTree = "<group>"; };
/* End PBXFileReference section */

/* Begin PBXFrameworksBuildPhase section */
		48475F1725E01AE900B1D917 /* Frameworks */ = {
			isa = PBXFrameworksBuildPhase;
			buildActionMask = 2147483647;
			files = (
			);
			runOnlyForDeploymentPostprocessing = 0;
		};
		48475F3025E01AEE00B1D917 /* Frameworks */ = {
			isa = PBXFrameworksBuildPhase;
			buildActionMask = 2147483647;
			files = (
			);
			runOnlyForDeploymentPostprocessing = 0;
		};
		48475F3B25E01AEE00B1D917 /* Frameworks */ = {
			isa = PBXFrameworksBuildPhase;
			buildActionMask = 2147483647;
			files = (
			);
			runOnlyForDeploymentPostprocessing = 0;
		};
/* End PBXFrameworksBuildPhase section */

/* Begin PBXGroup section */
		48475F1125E01AE900B1D917 = {
			isa = PBXGroup;
			children = (
				48475F1C25E01AE900B1D917 /* project_1 */,
				48475F3625E01AEE00B1D917 /* project_1Tests */,
				48475F4125E01AEE00B1D917 /* project_1UITests */,
				48475F1B25E01AE900B1D917 /* Products */,
			);
			sourceTree = "<group>";
		};
		48475F1B25E01AE900B1D917 /* Products */ = {
			isa = PBXGroup;
			children = (
				48475F1A25E01AE900B1D917 /* project_1.app */,
				48475F3325E01AEE00B1D917 /* project_1Tests.xctest */,
				48475F3E25E01AEE00B1D917 /* project_1UITests.xctest */,
			);
			name = Products;
			sourceTree = "<group>";
		};
		48475F1C25E01AE900B1D917 /* project_1 */ = {
			isa = PBXGroup;
			children = (
				48475F5325E01B2A00B1D917 /* Extension */,
				48475F1D25E01AE900B1D917 /* AppDelegate.swift */,
				48475F1F25E01AE900B1D917 /* SceneDelegate.swift */,
				48475F2125E01AE900B1D917 /* FaceDetectionViewController.swift */,
				48475F5C25E01C1900B1D917 /* FaceView.swift */,
				48475F2325E01AE900B1D917 /* Main.storyboard */,
				48475F2925E01AED00B1D917 /* Assets.xcassets */,
				48475F2B25E01AED00B1D917 /* LaunchScreen.storyboard */,
				48475F2E25E01AED00B1D917 /* Info.plist */,
				48475F2625E01AE900B1D917 /* project_1.xcdatamodeld */,
			);
			path = project_1;
			sourceTree = "<group>";
		};
		48475F3625E01AEE00B1D917 /* project_1Tests */ = {
			isa = PBXGroup;
			children = (
				48475F3725E01AEE00B1D917 /* project_1Tests.swift */,
				48475F3925E01AEE00B1D917 /* Info.plist */,
			);
			path = project_1Tests;
			sourceTree = "<group>";
		};
		48475F4125E01AEE00B1D917 /* project_1UITests */ = {
			isa = PBXGroup;
			children = (
				48475F4225E01AEE00B1D917 /* project_1UITests.swift */,
				48475F4425E01AEE00B1D917 /* Info.plist */,
			);
			path = project_1UITests;
			sourceTree = "<group>";
		};
		48475F5325E01B2A00B1D917 /* Extension */ = {
			isa = PBXGroup;
			children = (
				48475F5425E01B8F00B1D917 /* CoreGraphicExtensions.swift */,
			);
			path = Extension;
			sourceTree = "<group>";
		};
/* End PBXGroup section */

/* Begin PBXNativeTarget section */
		48475F1925E01AE900B1D917 /* project_1 */ = {
			isa = PBXNativeTarget;
			buildConfigurationList = 48475F4725E01AEE00B1D917 /* Build configuration list for PBXNativeTarget "project_1" */;
			buildPhases = (
				48475F1625E01AE900B1D917 /* Sources */,
				48475F1725E01AE900B1D917 /* Frameworks */,
				48475F1825E01AE900B1D917 /* Resources */,
			);
			buildRules = (
			);
			dependencies = (
			);
			name = project_1;
			productName = project_1;
			productReference = 48475F1A25E01AE900B1D917 /* project_1.app */;
			productType = "com.apple.product-type.application";
		};
		48475F3225E01AEE00B1D917 /* project_1Tests */ = {
			isa = PBXNativeTarget;
			buildConfigurationList = 48475F4A25E01AEE00B1D917 /* Build configuration list for PBXNativeTarget "project_1Tests" */;
			buildPhases = (
				48475F2F25E01AEE00B1D917 /* Sources */,
				48475F3025E01AEE00B1D917 /* Frameworks */,
				48475F3125E01AEE00B1D917 /* Resources */,
			);
			buildRules = (
			);
			dependencies = (
				48475F3525E01AEE00B1D917 /* PBXTargetDependency */,
			);
			name = project_1Tests;
			productName = project_1Tests;
			productReference = 48475F3325E01AEE00B1D917 /* project_1Tests.xctest */;
			productType = "com.apple.product-type.bundle.unit-test";
		};
		48475F3D25E01AEE00B1D917 /* project_1UITests */ = {
			isa = PBXNativeTarget;
			buildConfigurationList = 48475F4D25E01AEE00B1D917 /* Build configuration list for PBXNativeTarget "project_1UITests" */;
			buildPhases = (
				48475F3A25E01AEE00B1D917 /* Sources */,
				48475F3B25E01AEE00B1D917 /* Frameworks */,
				48475F3C25E01AEE00B1D917 /* Resources */,
			);
			buildRules = (
			);
			dependencies = (
				48475F4025E01AEE00B1D917 /* PBXTargetDependency */,
			);
			name = project_1UITests;
			productName = project_1UITests;
			productReference = 48475F3E25E01AEE00B1D917 /* project_1UITests.xctest */;
			productType = "com.apple.product-type.bundle.ui-testing";
		};
/* End PBXNativeTarget section */

/* Begin PBXProject section */
		48475F1225E01AE900B1D917 /* Project object */ = {
			isa = PBXProject;
			attributes = {
				LastSwiftUpdateCheck = 1240;
				LastUpgradeCheck = 1240;
				TargetAttributes = {
					48475F1925E01AE900B1D917 = {
						CreatedOnToolsVersion = 12.4;
					};
					48475F3225E01AEE00B1D917 = {
						CreatedOnToolsVersion = 12.4;
						TestTargetID = 48475F1925E01AE900B1D917;
					};
					48475F3D25E01AEE00B1D917 = {
						CreatedOnToolsVersion = 12.4;
						TestTargetID = 48475F1925E01AE900B1D917;
					};
				};
			};
			buildConfigurationList = 48475F1525E01AE900B1D917 /* Build configuration list for PBXProject "project_1" */;
			compatibilityVersion = "Xcode 9.3";
			developmentRegion = en;
			hasScannedForEncodings = 0;
			knownRegions = (
				en,
				Base,
			);
			mainGroup = 48475F1125E01AE900B1D917;
			productRefGroup = 48475F1B25E01AE900B1D917 /* Products */;
			projectDirPath = "";
			projectRoot = "";
			targets = (
				48475F1925E01AE900B1D917 /* project_1 */,
				48475F3225E01AEE00B1D917 /* project_1Tests */,
				48475F3D25E01AEE00B1D917 /* project_1UITests */,
			);
		};
/* End PBXProject section */

/* Begin PBXResourcesBuildPhase section */
		48475F1825E01AE900B1D917 /* Resources */ = {
			isa = PBXResourcesBuildPhase;
			buildActionMask = 2147483647;
			files = (
				48475F2D25E01AED00B1D917 /* LaunchScreen.storyboard in Resources */,
				48475F2A25E01AED00B1D917 /* Assets.xcassets in Resources */,
				48475F2525E01AE900B1D917 /* Main.storyboard in Resources */,
			);
			runOnlyForDeploymentPostprocessing = 0;
		};
		48475F3125E01AEE00B1D917 /* Resources */ = {
			isa = PBXResourcesBuildPhase;
			buildActionMask = 2147483647;
			files = (
			);
			runOnlyForDeploymentPostprocessing = 0;
		};
		48475F3C25E01AEE00B1D917 /* Resources */ = {
			isa = PBXResourcesBuildPhase;
			buildActionMask = 2147483647;
			files = (
			);
			runOnlyForDeploymentPostprocessing = 0;
		};
/* End PBXResourcesBuildPhase section */

/* Begin PBXSourcesBuildPhase section */
		48475F1625E01AE900B1D917 /* Sources */ = {
			isa = PBXSourcesBuildPhase;
			buildActionMask = 2147483647;
			files = (
				48475F2225E01AE900B1D917 /* FaceDetectionViewController.swift in Sources */,
				48475F2825E01AE900B1D917 /* project_1.xcdatamodeld in Sources */,
				48475F1E25E01AE900B1D917 /* AppDelegate.swift in Sources */,
				48475F2025E01AE900B1D917 /* SceneDelegate.swift in Sources */,
				48475F5525E01B8F00B1D917 /* CoreGraphicExtensions.swift in Sources */,
				48475F5D25E01C1900B1D917 /* FaceView.swift in Sources */,
			);
			runOnlyForDeploymentPostprocessing = 0;
		};
		48475F2F25E01AEE00B1D917 /* Sources */ = {
			isa = PBXSourcesBuildPhase;
			buildActionMask = 2147483647;
			files = (
				48475F3825E01AEE00B1D917 /* project_1Tests.swift in Sources */,
			);
			runOnlyForDeploymentPostprocessing = 0;
		};
		48475F3A25E01AEE00B1D917 /* Sources */ = {
			isa = PBXSourcesBuildPhase;
			buildActionMask = 2147483647;
			files = (
				48475F4325E01AEE00B1D917 /* project_1UITests.swift in Sources */,
			);
			runOnlyForDeploymentPostprocessing = 0;
		};
/* End PBXSourcesBuildPhase section */

/* Begin PBXTargetDependency section */
		48475F3525E01AEE00B1D917 /* PBXTargetDependency */ = {
			isa = PBXTargetDependency;
			target = 48475F1925E01AE900B1D917 /* project_1 */;
			targetProxy = 48475F3425E01AEE00B1D917 /* PBXContainerItemProxy */;
		};
		48475F4025E01AEE00B1D917 /* PBXTargetDependency */ = {
			isa = PBXTargetDependency;
			target = 48475F1925E01AE900B1D917 /* project_1 */;
			targetProxy = 48475F3F25E01AEE00B1D917 /* PBXContainerItemProxy */;
		};
/* End PBXTargetDependency section */

/* Begin PBXVariantGroup section */
		48475F2325E01AE900B1D917 /* Main.storyboard */ = {
			isa = PBXVariantGroup;
			children = (
				48475F2425E01AE900B1D917 /* Base */,
			);
			name = Main.storyboard;
			sourceTree = "<group>";
		};
		48475F2B25E01AED00B1D917 /* LaunchScreen.storyboard */ = {
			isa = PBXVariantGroup;
			children = (
				48475F2C25E01AED00B1D917 /* Base */,
			);
			name = LaunchScreen.storyboard;
			sourceTree = "<group>";
		};
/* End PBXVariantGroup section */

/* Begin XCBuildConfiguration section */
		48475F4525E01AEE00B1D917 /* Debug */ = {
			isa = XCBuildConfiguration;
			buildSettings = {
				ALWAYS_SEARCH_USER_PATHS = NO;
				CLANG_ANALYZER_NONNULL = YES;
				CLANG_ANALYZER_NUMBER_OBJECT_CONVERSION = YES_AGGRESSIVE;
				CLANG_CXX_LANGUAGE_STANDARD = "gnu++14";
				CLANG_CXX_LIBRARY = "libc++";
				CLANG_ENABLE_MODULES = YES;
				CLANG_ENABLE_OBJC_ARC = YES;
				CLANG_ENABLE_OBJC_WEAK = YES;
				CLANG_WARN_BLOCK_CAPTURE_AUTORELEASING = YES;
				CLANG_WARN_BOOL_CONVERSION = YES;
				CLANG_WARN_COMMA = YES;
				CLANG_WARN_CONSTANT_CONVERSION = YES;
				CLANG_WARN_DEPRECATED_OBJC_IMPLEMENTATIONS = YES;
				CLANG_WARN_DIRECT_OBJC_ISA_USAGE = YES_ERROR;
				CLANG_WARN_DOCUMENTATION_COMMENTS = YES;
				CLANG_WARN_EMPTY_BODY = YES;
				CLANG_WARN_ENUM_CONVERSION = YES;
				CLANG_WARN_INFINITE_RECURSION = YES;
				CLANG_WARN_INT_CONVERSION = YES;
				CLANG_WARN_NON_LITERAL_NULL_CONVERSION = YES;
				CLANG_WARN_OBJC_IMPLICIT_RETAIN_SELF = YES;
				CLANG_WARN_OBJC_LITERAL_CONVERSION = YES;
				CLANG_WARN_OBJC_ROOT_CLASS = YES_ERROR;
				CLANG_WARN_QUOTED_INCLUDE_IN_FRAMEWORK_HEADER = YES;
				CLANG_WARN_RANGE_LOOP_ANALYSIS = YES;
				CLANG_WARN_STRICT_PROTOTYPES = YES;
				CLANG_WARN_SUSPICIOUS_MOVE = YES;
				CLANG_WARN_UNGUARDED_AVAILABILITY = YES_AGGRESSIVE;
				CLANG_WARN_UNREACHABLE_CODE = YES;
				CLANG_WARN__DUPLICATE_METHOD_MATCH = YES;
				COPY_PHASE_STRIP = NO;
				DEBUG_INFORMATION_FORMAT = dwarf;
				ENABLE_STRICT_OBJC_MSGSEND = YES;
				ENABLE_TESTABILITY = YES;
				GCC_C_LANGUAGE_STANDARD = gnu11;
				GCC_DYNAMIC_NO_PIC = NO;
				GCC_NO_COMMON_BLOCKS = YES;
				GCC_OPTIMIZATION_LEVEL = 0;
				GCC_PREPROCESSOR_DEFINITIONS = (
					"DEBUG=1",
					"$(inherited)",
				);
				GCC_WARN_64_TO_32_BIT_CONVERSION = YES;
				GCC_WARN_ABOUT_RETURN_TYPE = YES_ERROR;
				GCC_WARN_UNDECLARED_SELECTOR = YES;
				GCC_WARN_UNINITIALIZED_AUTOS = YES_AGGRESSIVE;
				GCC_WARN_UNUSED_FUNCTION = YES;
				GCC_WARN_UNUSED_VARIABLE = YES;
				IPHONEOS_DEPLOYMENT_TARGET = 14.4;
				MTL_ENABLE_DEBUG_INFO = INCLUDE_SOURCE;
				MTL_FAST_MATH = YES;
				ONLY_ACTIVE_ARCH = YES;
				SDKROOT = iphoneos;
				SWIFT_ACTIVE_COMPILATION_CONDITIONS = DEBUG;
				SWIFT_OPTIMIZATION_LEVEL = "-Onone";
			};
			name = Debug;
		};
		48475F4625E01AEE00B1D917 /* Release */ = {
			isa = XCBuildConfiguration;
			buildSettings = {
				ALWAYS_SEARCH_USER_PATHS = NO;
				CLANG_ANALYZER_NONNULL = YES;
				CLANG_ANALYZER_NUMBER_OBJECT_CONVERSION = YES_AGGRESSIVE;
				CLANG_CXX_LANGUAGE_STANDARD = "gnu++14";
				CLANG_CXX_LIBRARY = "libc++";
				CLANG_ENABLE_MODULES = YES;
				CLANG_ENABLE_OBJC_ARC = YES;
				CLANG_ENABLE_OBJC_WEAK = YES;
				CLANG_WARN_BLOCK_CAPTURE_AUTORELEASING = YES;
				CLANG_WARN_BOOL_CONVERSION = YES;
				CLANG_WARN_COMMA = YES;
				CLANG_WARN_CONSTANT_CONVERSION = YES;
				CLANG_WARN_DEPRECATED_OBJC_IMPLEMENTATIONS = YES;
				CLANG_WARN_DIRECT_OBJC_ISA_USAGE = YES_ERROR;
				CLANG_WARN_DOCUMENTATION_COMMENTS = YES;
				CLANG_WARN_EMPTY_BODY = YES;
				CLANG_WARN_ENUM_CONVERSION = YES;
				CLANG_WARN_INFINITE_RECURSION = YES;
				CLANG_WARN_INT_CONVERSION = YES;
				CLANG_WARN_NON_LITERAL_NULL_CONVERSION = YES;
				CLANG_WARN_OBJC_IMPLICIT_RETAIN_SELF = YES;
				CLANG_WARN_OBJC_LITERAL_CONVERSION = YES;
				CLANG_WARN_OBJC_ROOT_CLASS = YES_ERROR;
				CLANG_WARN_QUOTED_INCLUDE_IN_FRAMEWORK_HEADER = YES;
				CLANG_WARN_RANGE_LOOP_ANALYSIS = YES;
				CLANG_WARN_STRICT_PROTOTYPES = YES;
				CLANG_WARN_SUSPICIOUS_MOVE = YES;
				CLANG_WARN_UNGUARDED_AVAILABILITY = YES_AGGRESSIVE;
				CLANG_WARN_UNREACHABLE_CODE = YES;
				CLANG_WARN__DUPLICATE_METHOD_MATCH = YES;
				COPY_PHASE_STRIP = NO;
				DEBUG_INFORMATION_FORMAT = "dwarf-with-dsym";
				ENABLE_NS_ASSERTIONS = NO;
				ENABLE_STRICT_OBJC_MSGSEND = YES;
				GCC_C_LANGUAGE_STANDARD = gnu11;
				GCC_NO_COMMON_BLOCKS = YES;
				GCC_WARN_64_TO_32_BIT_CONVERSION = YES;
				GCC_WARN_ABOUT_RETURN_TYPE = YES_ERROR;
				GCC_WARN_UNDECLARED_SELECTOR = YES;
				GCC_WARN_UNINITIALIZED_AUTOS = YES_AGGRESSIVE;
				GCC_WARN_UNUSED_FUNCTION = YES;
				GCC_WARN_UNUSED_VARIABLE = YES;
				IPHONEOS_DEPLOYMENT_TARGET = 14.4;
				MTL_ENABLE_DEBUG_INFO = NO;
				MTL_FAST_MATH = YES;
				SDKROOT = iphoneos;
				SWIFT_COMPILATION_MODE = wholemodule;
				SWIFT_OPTIMIZATION_LEVEL = "-O";
				VALIDATE_PRODUCT = YES;
			};
			name = Release;
		};
		48475F4825E01AEE00B1D917 /* Debug */ = {
			isa = XCBuildConfiguration;
			buildSettings = {
				ASSETCATALOG_COMPILER_APPICON_NAME = AppIcon;
				ASSETCATALOG_COMPILER_GLOBAL_ACCENT_COLOR_NAME = AccentColor;
				CODE_SIGN_STYLE = Automatic;
				DEVELOPMENT_TEAM = NBQZGH6W8D;
				INFOPLIST_FILE = project_1/Info.plist;
				LD_RUNPATH_SEARCH_PATHS = (
					"$(inherited)",
					"@executable_path/Frameworks",
				);
				PRODUCT_BUNDLE_IDENTIFIER = "test.example.vn.project-1";
				PRODUCT_NAME = "$(TARGET_NAME)";
				SWIFT_VERSION = 5.0;
				TARGETED_DEVICE_FAMILY = "1,2";
			};
			name = Debug;
		};
		48475F4925E01AEE00B1D917 /* Release */ = {
			isa = XCBuildConfiguration;
			buildSettings = {
				ASSETCATALOG_COMPILER_APPICON_NAME = AppIcon;
				ASSETCATALOG_COMPILER_GLOBAL_ACCENT_COLOR_NAME = AccentColor;
				CODE_SIGN_STYLE = Automatic;
				DEVELOPMENT_TEAM = NBQZGH6W8D;
				INFOPLIST_FILE = project_1/Info.plist;
				LD_RUNPATH_SEARCH_PATHS = (
					"$(inherited)",
					"@executable_path/Frameworks",
				);
				PRODUCT_BUNDLE_IDENTIFIER = "test.example.vn.project-1";
				PRODUCT_NAME = "$(TARGET_NAME)";
				SWIFT_VERSION = 5.0;
				TARGETED_DEVICE_FAMILY = "1,2";
			};
			name = Release;
		};
		48475F4B25E01AEE00B1D917 /* Debug */ = {
			isa = XCBuildConfiguration;
			buildSettings = {
				ALWAYS_EMBED_SWIFT_STANDARD_LIBRARIES = YES;
				BUNDLE_LOADER = "$(TEST_HOST)";
				CODE_SIGN_STYLE = Automatic;
				DEVELOPMENT_TEAM = NBQZGH6W8D;
				INFOPLIST_FILE = project_1Tests/Info.plist;
				IPHONEOS_DEPLOYMENT_TARGET = 14.4;
				LD_RUNPATH_SEARCH_PATHS = (
					"$(inherited)",
					"@executable_path/Frameworks",
					"@loader_path/Frameworks",
				);
				PRODUCT_BUNDLE_IDENTIFIER = "test.example.vn.project-1Tests";
				PRODUCT_NAME = "$(TARGET_NAME)";
				SWIFT_VERSION = 5.0;
				TARGETED_DEVICE_FAMILY = "1,2";
				TEST_HOST = "$(BUILT_PRODUCTS_DIR)/project_1.app/project_1";
			};
			name = Debug;
		};
		48475F4C25E01AEE00B1D917 /* Release */ = {
			isa = XCBuildConfiguration;
			buildSettings = {
				ALWAYS_EMBED_SWIFT_STANDARD_LIBRARIES = YES;
				BUNDLE_LOADER = "$(TEST_HOST)";
				CODE_SIGN_STYLE = Automatic;
				DEVELOPMENT_TEAM = NBQZGH6W8D;
				INFOPLIST_FILE = project_1Tests/Info.plist;
				IPHONEOS_DEPLOYMENT_TARGET = 14.4;
				LD_RUNPATH_SEARCH_PATHS = (
					"$(inherited)",
					"@executable_path/Frameworks",
					"@loader_path/Frameworks",
				);
				PRODUCT_BUNDLE_IDENTIFIER = "test.example.vn.project-1Tests";
				PRODUCT_NAME = "$(TARGET_NAME)";
				SWIFT_VERSION = 5.0;
				TARGETED_DEVICE_FAMILY = "1,2";
				TEST_HOST = "$(BUILT_PRODUCTS_DIR)/project_1.app/project_1";
			};
			name = Release;
		};
		48475F4E25E01AEE00B1D917 /* Debug */ = {
			isa = XCBuildConfiguration;
			buildSettings = {
				ALWAYS_EMBED_SWIFT_STANDARD_LIBRARIES = YES;
				CODE_SIGN_STYLE = Automatic;
				DEVELOPMENT_TEAM = NBQZGH6W8D;
				INFOPLIST_FILE = project_1UITests/Info.plist;
				LD_RUNPATH_SEARCH_PATHS = (
					"$(inherited)",
					"@executable_path/Frameworks",
					"@loader_path/Frameworks",
				);
				PRODUCT_BUNDLE_IDENTIFIER = "test.example.vn.project-1UITests";
				PRODUCT_NAME = "$(TARGET_NAME)";
				SWIFT_VERSION = 5.0;
				TARGETED_DEVICE_FAMILY = "1,2";
				TEST_TARGET_NAME = project_1;
			};
			name = Debug;
		};
		48475F4F25E01AEE00B1D917 /* Release */ = {
			isa = XCBuildConfiguration;
			buildSettings = {
				ALWAYS_EMBED_SWIFT_STANDARD_LIBRARIES = YES;
				CODE_SIGN_STYLE = Automatic;
				DEVELOPMENT_TEAM = NBQZGH6W8D;
				INFOPLIST_FILE = project_1UITests/Info.plist;
				LD_RUNPATH_SEARCH_PATHS = (
					"$(inherited)",
					"@executable_path/Frameworks",
					"@loader_path/Frameworks",
				);
				PRODUCT_BUNDLE_IDENTIFIER = "test.example.vn.project-1UITests";
				PRODUCT_NAME = "$(TARGET_NAME)";
				SWIFT_VERSION = 5.0;
				TARGETED_DEVICE_FAMILY = "1,2";
				TEST_TARGET_NAME = project_1;
			};
			name = Release;
		};
/* End XCBuildConfiguration section */

/* Begin XCConfigurationList section */
		48475F1525E01AE900B1D917 /* Build configuration list for PBXProject "project_1" */ = {
			isa = XCConfigurationList;
			buildConfigurations = (
				48475F4525E01AEE00B1D917 /* Debug */,
				48475F4625E01AEE00B1D917 /* Release */,
			);
			defaultConfigurationIsVisible = 0;
			defaultConfigurationName = Release;
		};
		48475F4725E01AEE00B1D917 /* Build configuration list for PBXNativeTarget "project_1" */ = {
			isa = XCConfigurationList;
			buildConfigurations = (
				48475F4825E01AEE00B1D917 /* Debug */,
				48475F4925E01AEE00B1D917 /* Release */,
			);
			defaultConfigurationIsVisible = 0;
			defaultConfigurationName = Release;
		};
		48475F4A25E01AEE00B1D917 /* Build configuration list for PBXNativeTarget "project_1Tests" */ = {
			isa = XCConfigurationList;
			buildConfigurations = (
				48475F4B25E01AEE00B1D917 /* Debug */,
				48475F4C25E01AEE00B1D917 /* Release */,
			);
			defaultConfigurationIsVisible = 0;
			defaultConfigurationName = Release;
		};
		48475F4D25E01AEE00B1D917 /* Build configuration list for PBXNativeTarget "project_1UITests" */ = {
			isa = XCConfigurationList;
			buildConfigurations = (
				48475F4E25E01AEE00B1D917 /* Debug */,
				48475F4F25E01AEE00B1D917 /* Release */,
			);
			defaultConfigurationIsVisible = 0;
			defaultConfigurationName = Release;
		};
/* End XCConfigurationList section */

/* Begin XCVersionGroup section */
		48475F2625E01AE900B1D917 /* project_1.xcdatamodeld */ = {
			isa = XCVersionGroup;
			children = (
				48475F2725E01AE900B1D917 /* project_1.xcdatamodel */,
			);
			currentVersion = 48475F2725E01AE900B1D917 /* project_1.xcdatamodel */;
			path = project_1.xcdatamodeld;
			sourceTree = "<group>";
			versionGroupType = wrapper.xcdatamodel;
		};
/* End XCVersionGroup section */
	};
	rootObject = 48475F1225E01AE900B1D917 /* Project object */;
}
