// !$*UTF8*$!
{
	archiveVersion = 1;
	classes = {
	};
	objectVersion = 50;
	objects = {

/* Begin PBXBuildFile section */
		489FA554251A503D00C0FD3D /* AppDelegate.swift in Sources */ = {isa = PBXBuildFile; fileRef = 489FA553251A503D00C0FD3D /* AppDelegate.swift */; };
		489FA556251A503D00C0FD3D /* SceneDelegate.swift in Sources */ = {isa = PBXBuildFile; fileRef = 489FA555251A503D00C0FD3D /* SceneDelegate.swift */; };
		489FA558251A503D00C0FD3D /* ViewController.swift in Sources */ = {isa = PBXBuildFile; fileRef = 489FA557251A503D00C0FD3D /* ViewController.swift */; };
		489FA55B251A503D00C0FD3D /* Main.storyboard in Resources */ = {isa = PBXBuildFile; fileRef = 489FA559251A503D00C0FD3D /* Main.storyboard */; };
		489FA55E251A503D00C0FD3D /* bullseye.xcdatamodeld in Sources */ = {isa = PBXBuildFile; fileRef = 489FA55C251A503D00C0FD3D /* bullseye.xcdatamodeld */; };
		489FA560251A504100C0FD3D /* Assets.xcassets in Resources */ = {isa = PBXBuildFile; fileRef = 489FA55F251A504100C0FD3D /* Assets.xcassets */; };
		489FA563251A504100C0FD3D /* LaunchScreen.storyboard in Resources */ = {isa = PBXBuildFile; fileRef = 489FA561251A504100C0FD3D /* LaunchScreen.storyboard */; };
		489FA56E251A504200C0FD3D /* bullseyeTests.swift in Sources */ = {isa = PBXBuildFile; fileRef = 489FA56D251A504200C0FD3D /* bullseyeTests.swift */; };
		489FA579251A504200C0FD3D /* bullseyeUITests.swift in Sources */ = {isa = PBXBuildFile; fileRef = 489FA578251A504200C0FD3D /* bullseyeUITests.swift */; };
/* End PBXBuildFile section */

/* Begin PBXContainerItemProxy section */
		489FA56A251A504200C0FD3D /* PBXContainerItemProxy */ = {
			isa = PBXContainerItemProxy;
			containerPortal = 489FA548251A503D00C0FD3D /* Project object */;
			proxyType = 1;
			remoteGlobalIDString = 489FA54F251A503D00C0FD3D;
			remoteInfo = bullseye;
		};
		489FA575251A504200C0FD3D /* PBXContainerItemProxy */ = {
			isa = PBXContainerItemProxy;
			containerPortal = 489FA548251A503D00C0FD3D /* Project object */;
			proxyType = 1;
			remoteGlobalIDString = 489FA54F251A503D00C0FD3D;
			remoteInfo = bullseye;
		};
/* End PBXContainerItemProxy section */

/* Begin PBXFileReference section */
		489FA550251A503D00C0FD3D /* bullseye.app */ = {isa = PBXFileReference; explicitFileType = wrapper.application; includeInIndex = 0; path = bullseye.app; sourceTree = BUILT_PRODUCTS_DIR; };
		489FA553251A503D00C0FD3D /* AppDelegate.swift */ = {isa = PBXFileReference; lastKnownFileType = sourcecode.swift; path = AppDelegate.swift; sourceTree = "<group>"; };
		489FA555251A503D00C0FD3D /* SceneDelegate.swift */ = {isa = PBXFileReference; lastKnownFileType = sourcecode.swift; path = SceneDelegate.swift; sourceTree = "<group>"; };
		489FA557251A503D00C0FD3D /* ViewController.swift */ = {isa = PBXFileReference; lastKnownFileType = sourcecode.swift; path = ViewController.swift; sourceTree = "<group>"; };
		489FA55A251A503D00C0FD3D /* Base */ = {isa = PBXFileReference; lastKnownFileType = file.storyboard; name = Base; path = Base.lproj/Main.storyboard; sourceTree = "<group>"; };
		489FA55D251A503D00C0FD3D /* bullseye.xcdatamodel */ = {isa = PBXFileReference; lastKnownFileType = wrapper.xcdatamodel; path = bullseye.xcdatamodel; sourceTree = "<group>"; };
		489FA55F251A504100C0FD3D /* Assets.xcassets */ = {isa = PBXFileReference; lastKnownFileType = folder.assetcatalog; path = Assets.xcassets; sourceTree = "<group>"; };
		489FA562251A504100C0FD3D /* Base */ = {isa = PBXFileReference; lastKnownFileType = file.storyboard; name = Base; path = Base.lproj/LaunchScreen.storyboard; sourceTree = "<group>"; };
		489FA564251A504100C0FD3D /* Info.plist */ = {isa = PBXFileReference; lastKnownFileType = text.plist.xml; path = Info.plist; sourceTree = "<group>"; };
		489FA569251A504200C0FD3D /* bullseyeTests.xctest */ = {isa = PBXFileReference; explicitFileType = wrapper.cfbundle; includeInIndex = 0; path = bullseyeTests.xctest; sourceTree = BUILT_PRODUCTS_DIR; };
		489FA56D251A504200C0FD3D /* bullseyeTests.swift */ = {isa = PBXFileReference; lastKnownFileType = sourcecode.swift; path = bullseyeTests.swift; sourceTree = "<group>"; };
		489FA56F251A504200C0FD3D /* Info.plist */ = {isa = PBXFileReference; lastKnownFileType = text.plist.xml; path = Info.plist; sourceTree = "<group>"; };
		489FA574251A504200C0FD3D /* bullseyeUITests.xctest */ = {isa = PBXFileReference; explicitFileType = wrapper.cfbundle; includeInIndex = 0; path = bullseyeUITests.xctest; sourceTree = BUILT_PRODUCTS_DIR; };
		489FA578251A504200C0FD3D /* bullseyeUITests.swift */ = {isa = PBXFileReference; lastKnownFileType = sourcecode.swift; path = bullseyeUITests.swift; sourceTree = "<group>"; };
		489FA57A251A504200C0FD3D /* Info.plist */ = {isa = PBXFileReference; lastKnownFileType = text.plist.xml; path = Info.plist; sourceTree = "<group>"; };
/* End PBXFileReference section */

/* Begin PBXFrameworksBuildPhase section */
		489FA54D251A503D00C0FD3D /* Frameworks */ = {
			isa = PBXFrameworksBuildPhase;
			buildActionMask = 2147483647;
			files = (
			);
			runOnlyForDeploymentPostprocessing = 0;
		};
		489FA566251A504200C0FD3D /* Frameworks */ = {
			isa = PBXFrameworksBuildPhase;
			buildActionMask = 2147483647;
			files = (
			);
			runOnlyForDeploymentPostprocessing = 0;
		};
		489FA571251A504200C0FD3D /* Frameworks */ = {
			isa = PBXFrameworksBuildPhase;
			buildActionMask = 2147483647;
			files = (
			);
			runOnlyForDeploymentPostprocessing = 0;
		};
/* End PBXFrameworksBuildPhase section */

/* Begin PBXGroup section */
		489FA547251A503D00C0FD3D = {
			isa = PBXGroup;
			children = (
				489FA552251A503D00C0FD3D /* bullseye */,
				489FA56C251A504200C0FD3D /* bullseyeTests */,
				489FA577251A504200C0FD3D /* bullseyeUITests */,
				489FA551251A503D00C0FD3D /* Products */,
			);
			sourceTree = "<group>";
		};
		489FA551251A503D00C0FD3D /* Products */ = {
			isa = PBXGroup;
			children = (
				489FA550251A503D00C0FD3D /* bullseye.app */,
				489FA569251A504200C0FD3D /* bullseyeTests.xctest */,
				489FA574251A504200C0FD3D /* bullseyeUITests.xctest */,
			);
			name = Products;
			sourceTree = "<group>";
		};
		489FA552251A503D00C0FD3D /* bullseye */ = {
			isa = PBXGroup;
			children = (
				489FA553251A503D00C0FD3D /* AppDelegate.swift */,
				489FA555251A503D00C0FD3D /* SceneDelegate.swift */,
				489FA557251A503D00C0FD3D /* ViewController.swift */,
				489FA559251A503D00C0FD3D /* Main.storyboard */,
				489FA55F251A504100C0FD3D /* Assets.xcassets */,
				489FA561251A504100C0FD3D /* LaunchScreen.storyboard */,
				489FA564251A504100C0FD3D /* Info.plist */,
				489FA55C251A503D00C0FD3D /* bullseye.xcdatamodeld */,
			);
			path = bullseye;
			sourceTree = "<group>";
		};
		489FA56C251A504200C0FD3D /* bullseyeTests */ = {
			isa = PBXGroup;
			children = (
				489FA56D251A504200C0FD3D /* bullseyeTests.swift */,
				489FA56F251A504200C0FD3D /* Info.plist */,
			);
			path = bullseyeTests;
			sourceTree = "<group>";
		};
		489FA577251A504200C0FD3D /* bullseyeUITests */ = {
			isa = PBXGroup;
			children = (
				489FA578251A504200C0FD3D /* bullseyeUITests.swift */,
				489FA57A251A504200C0FD3D /* Info.plist */,
			);
			path = bullseyeUITests;
			sourceTree = "<group>";
		};
/* End PBXGroup section */

/* Begin PBXNativeTarget section */
		489FA54F251A503D00C0FD3D /* bullseye */ = {
			isa = PBXNativeTarget;
			buildConfigurationList = 489FA57D251A504200C0FD3D /* Build configuration list for PBXNativeTarget "bullseye" */;
			buildPhases = (
				489FA54C251A503D00C0FD3D /* Sources */,
				489FA54D251A503D00C0FD3D /* Frameworks */,
				489FA54E251A503D00C0FD3D /* Resources */,
			);
			buildRules = (
			);
			dependencies = (
			);
			name = bullseye;
			productName = bullseye;
			productReference = 489FA550251A503D00C0FD3D /* bullseye.app */;
			productType = "com.apple.product-type.application";
		};
		489FA568251A504200C0FD3D /* bullseyeTests */ = {
			isa = PBXNativeTarget;
			buildConfigurationList = 489FA580251A504200C0FD3D /* Build configuration list for PBXNativeTarget "bullseyeTests" */;
			buildPhases = (
				489FA565251A504200C0FD3D /* Sources */,
				489FA566251A504200C0FD3D /* Frameworks */,
				489FA567251A504200C0FD3D /* Resources */,
			);
			buildRules = (
			);
			dependencies = (
				489FA56B251A504200C0FD3D /* PBXTargetDependency */,
			);
			name = bullseyeTests;
			productName = bullseyeTests;
			productReference = 489FA569251A504200C0FD3D /* bullseyeTests.xctest */;
			productType = "com.apple.product-type.bundle.unit-test";
		};
		489FA573251A504200C0FD3D /* bullseyeUITests */ = {
			isa = PBXNativeTarget;
			buildConfigurationList = 489FA583251A504200C0FD3D /* Build configuration list for PBXNativeTarget "bullseyeUITests" */;
			buildPhases = (
				489FA570251A504200C0FD3D /* Sources */,
				489FA571251A504200C0FD3D /* Frameworks */,
				489FA572251A504200C0FD3D /* Resources */,
			);
			buildRules = (
			);
			dependencies = (
				489FA576251A504200C0FD3D /* PBXTargetDependency */,
			);
			name = bullseyeUITests;
			productName = bullseyeUITests;
			productReference = 489FA574251A504200C0FD3D /* bullseyeUITests.xctest */;
			productType = "com.apple.product-type.bundle.ui-testing";
		};
/* End PBXNativeTarget section */

/* Begin PBXProject section */
		489FA548251A503D00C0FD3D /* Project object */ = {
			isa = PBXProject;
			attributes = {
				LastSwiftUpdateCheck = 1200;
				LastUpgradeCheck = 1200;
				TargetAttributes = {
					489FA54F251A503D00C0FD3D = {
						CreatedOnToolsVersion = 12.0;
					};
					489FA568251A504200C0FD3D = {
						CreatedOnToolsVersion = 12.0;
						TestTargetID = 489FA54F251A503D00C0FD3D;
					};
					489FA573251A504200C0FD3D = {
						CreatedOnToolsVersion = 12.0;
						TestTargetID = 489FA54F251A503D00C0FD3D;
					};
				};
			};
			buildConfigurationList = 489FA54B251A503D00C0FD3D /* Build configuration list for PBXProject "bullseye" */;
			compatibilityVersion = "Xcode 9.3";
			developmentRegion = en;
			hasScannedForEncodings = 0;
			knownRegions = (
				en,
				Base,
			);
			mainGroup = 489FA547251A503D00C0FD3D;
			productRefGroup = 489FA551251A503D00C0FD3D /* Products */;
			projectDirPath = "";
			projectRoot = "";
			targets = (
				489FA54F251A503D00C0FD3D /* bullseye */,
				489FA568251A504200C0FD3D /* bullseyeTests */,
				489FA573251A504200C0FD3D /* bullseyeUITests */,
			);
		};
/* End PBXProject section */

/* Begin PBXResourcesBuildPhase section */
		489FA54E251A503D00C0FD3D /* Resources */ = {
			isa = PBXResourcesBuildPhase;
			buildActionMask = 2147483647;
			files = (
				489FA563251A504100C0FD3D /* LaunchScreen.storyboard in Resources */,
				489FA560251A504100C0FD3D /* Assets.xcassets in Resources */,
				489FA55B251A503D00C0FD3D /* Main.storyboard in Resources */,
			);
			runOnlyForDeploymentPostprocessing = 0;
		};
		489FA567251A504200C0FD3D /* Resources */ = {
			isa = PBXResourcesBuildPhase;
			buildActionMask = 2147483647;
			files = (
			);
			runOnlyForDeploymentPostprocessing = 0;
		};
		489FA572251A504200C0FD3D /* Resources */ = {
			isa = PBXResourcesBuildPhase;
			buildActionMask = 2147483647;
			files = (
			);
			runOnlyForDeploymentPostprocessing = 0;
		};
/* End PBXResourcesBuildPhase section */

/* Begin PBXSourcesBuildPhase section */
		489FA54C251A503D00C0FD3D /* Sources */ = {
			isa = PBXSourcesBuildPhase;
			buildActionMask = 2147483647;
			files = (
				489FA558251A503D00C0FD3D /* ViewController.swift in Sources */,
				489FA554251A503D00C0FD3D /* AppDelegate.swift in Sources */,
				489FA55E251A503D00C0FD3D /* bullseye.xcdatamodeld in Sources */,
				489FA556251A503D00C0FD3D /* SceneDelegate.swift in Sources */,
			);
			runOnlyForDeploymentPostprocessing = 0;
		};
		489FA565251A504200C0FD3D /* Sources */ = {
			isa = PBXSourcesBuildPhase;
			buildActionMask = 2147483647;
			files = (
				489FA56E251A504200C0FD3D /* bullseyeTests.swift in Sources */,
			);
			runOnlyForDeploymentPostprocessing = 0;
		};
		489FA570251A504200C0FD3D /* Sources */ = {
			isa = PBXSourcesBuildPhase;
			buildActionMask = 2147483647;
			files = (
				489FA579251A504200C0FD3D /* bullseyeUITests.swift in Sources */,
			);
			runOnlyForDeploymentPostprocessing = 0;
		};
/* End PBXSourcesBuildPhase section */

/* Begin PBXTargetDependency section */
		489FA56B251A504200C0FD3D /* PBXTargetDependency */ = {
			isa = PBXTargetDependency;
			target = 489FA54F251A503D00C0FD3D /* bullseye */;
			targetProxy = 489FA56A251A504200C0FD3D /* PBXContainerItemProxy */;
		};
		489FA576251A504200C0FD3D /* PBXTargetDependency */ = {
			isa = PBXTargetDependency;
			target = 489FA54F251A503D00C0FD3D /* bullseye */;
			targetProxy = 489FA575251A504200C0FD3D /* PBXContainerItemProxy */;
		};
/* End PBXTargetDependency section */

/* Begin PBXVariantGroup section */
		489FA559251A503D00C0FD3D /* Main.storyboard */ = {
			isa = PBXVariantGroup;
			children = (
				489FA55A251A503D00C0FD3D /* Base */,
			);
			name = Main.storyboard;
			sourceTree = "<group>";
		};
		489FA561251A504100C0FD3D /* LaunchScreen.storyboard */ = {
			isa = PBXVariantGroup;
			children = (
				489FA562251A504100C0FD3D /* Base */,
			);
			name = LaunchScreen.storyboard;
			sourceTree = "<group>";
		};
/* End PBXVariantGroup section */

/* Begin XCBuildConfiguration section */
		489FA57B251A504200C0FD3D /* Debug */ = {
			isa = XCBuildConfiguration;
			buildSettings = {
				ALWAYS_SEARCH_USER_PATHS = NO;
				CLANG_ANALYZER_NONNULL = YES;
				CLANG_ANALYZER_NUMBER_OBJECT_CONVERSION = YES_AGGRESSIVE;
				CLANG_CXX_LANGUAGE_STANDARD = "gnu++14";
				CLANG_CXX_LIBRARY = "libc++";
				CLANG_ENABLE_MODULES = YES;
				CLANG_ENABLE_OBJC_ARC = YES;
				CLANG_ENABLE_OBJC_WEAK = YES;
				CLANG_WARN_BLOCK_CAPTURE_AUTORELEASING = YES;
				CLANG_WARN_BOOL_CONVERSION = YES;
				CLANG_WARN_COMMA = YES;
				CLANG_WARN_CONSTANT_CONVERSION = YES;
				CLANG_WARN_DEPRECATED_OBJC_IMPLEMENTATIONS = YES;
				CLANG_WARN_DIRECT_OBJC_ISA_USAGE = YES_ERROR;
				CLANG_WARN_DOCUMENTATION_COMMENTS = YES;
				CLANG_WARN_EMPTY_BODY = YES;
				CLANG_WARN_ENUM_CONVERSION = YES;
				CLANG_WARN_INFINITE_RECURSION = YES;
				CLANG_WARN_INT_CONVERSION = YES;
				CLANG_WARN_NON_LITERAL_NULL_CONVERSION = YES;
				CLANG_WARN_OBJC_IMPLICIT_RETAIN_SELF = YES;
				CLANG_WARN_OBJC_LITERAL_CONVERSION = YES;
				CLANG_WARN_OBJC_ROOT_CLASS = YES_ERROR;
				CLANG_WARN_QUOTED_INCLUDE_IN_FRAMEWORK_HEADER = YES;
				CLANG_WARN_RANGE_LOOP_ANALYSIS = YES;
				CLANG_WARN_STRICT_PROTOTYPES = YES;
				CLANG_WARN_SUSPICIOUS_MOVE = YES;
				CLANG_WARN_UNGUARDED_AVAILABILITY = YES_AGGRESSIVE;
				CLANG_WARN_UNREACHABLE_CODE = YES;
				CLANG_WARN__DUPLICATE_METHOD_MATCH = YES;
				COPY_PHASE_STRIP = NO;
				DEBUG_INFORMATION_FORMAT = dwarf;
				ENABLE_STRICT_OBJC_MSGSEND = YES;
				ENABLE_TESTABILITY = YES;
				GCC_C_LANGUAGE_STANDARD = gnu11;
				GCC_DYNAMIC_NO_PIC = NO;
				GCC_NO_COMMON_BLOCKS = YES;
				GCC_OPTIMIZATION_LEVEL = 0;
				GCC_PREPROCESSOR_DEFINITIONS = (
					"DEBUG=1",
					"$(inherited)",
				);
				GCC_WARN_64_TO_32_BIT_CONVERSION = YES;
				GCC_WARN_ABOUT_RETURN_TYPE = YES_ERROR;
				GCC_WARN_UNDECLARED_SELECTOR = YES;
				GCC_WARN_UNINITIALIZED_AUTOS = YES_AGGRESSIVE;
				GCC_WARN_UNUSED_FUNCTION = YES;
				GCC_WARN_UNUSED_VARIABLE = YES;
				IPHONEOS_DEPLOYMENT_TARGET = 14.0;
				MTL_ENABLE_DEBUG_INFO = INCLUDE_SOURCE;
				MTL_FAST_MATH = YES;
				ONLY_ACTIVE_ARCH = YES;
				SDKROOT = iphoneos;
				SWIFT_ACTIVE_COMPILATION_CONDITIONS = DEBUG;
				SWIFT_OPTIMIZATION_LEVEL = "-Onone";
			};
			name = Debug;
		};
		489FA57C251A504200C0FD3D /* Release */ = {
			isa = XCBuildConfiguration;
			buildSettings = {
				ALWAYS_SEARCH_USER_PATHS = NO;
				CLANG_ANALYZER_NONNULL = YES;
				CLANG_ANALYZER_NUMBER_OBJECT_CONVERSION = YES_AGGRESSIVE;
				CLANG_CXX_LANGUAGE_STANDARD = "gnu++14";
				CLANG_CXX_LIBRARY = "libc++";
				CLANG_ENABLE_MODULES = YES;
				CLANG_ENABLE_OBJC_ARC = YES;
				CLANG_ENABLE_OBJC_WEAK = YES;
				CLANG_WARN_BLOCK_CAPTURE_AUTORELEASING = YES;
				CLANG_WARN_BOOL_CONVERSION = YES;
				CLANG_WARN_COMMA = YES;
				CLANG_WARN_CONSTANT_CONVERSION = YES;
				CLANG_WARN_DEPRECATED_OBJC_IMPLEMENTATIONS = YES;
				CLANG_WARN_DIRECT_OBJC_ISA_USAGE = YES_ERROR;
				CLANG_WARN_DOCUMENTATION_COMMENTS = YES;
				CLANG_WARN_EMPTY_BODY = YES;
				CLANG_WARN_ENUM_CONVERSION = YES;
				CLANG_WARN_INFINITE_RECURSION = YES;
				CLANG_WARN_INT_CONVERSION = YES;
				CLANG_WARN_NON_LITERAL_NULL_CONVERSION = YES;
				CLANG_WARN_OBJC_IMPLICIT_RETAIN_SELF = YES;
				CLANG_WARN_OBJC_LITERAL_CONVERSION = YES;
				CLANG_WARN_OBJC_ROOT_CLASS = YES_ERROR;
				CLANG_WARN_QUOTED_INCLUDE_IN_FRAMEWORK_HEADER = YES;
				CLANG_WARN_RANGE_LOOP_ANALYSIS = YES;
				CLANG_WARN_STRICT_PROTOTYPES = YES;
				CLANG_WARN_SUSPICIOUS_MOVE = YES;
				CLANG_WARN_UNGUARDED_AVAILABILITY = YES_AGGRESSIVE;
				CLANG_WARN_UNREACHABLE_CODE = YES;
				CLANG_WARN__DUPLICATE_METHOD_MATCH = YES;
				COPY_PHASE_STRIP = NO;
				DEBUG_INFORMATION_FORMAT = "dwarf-with-dsym";
				ENABLE_NS_ASSERTIONS = NO;
				ENABLE_STRICT_OBJC_MSGSEND = YES;
				GCC_C_LANGUAGE_STANDARD = gnu11;
				GCC_NO_COMMON_BLOCKS = YES;
				GCC_WARN_64_TO_32_BIT_CONVERSION = YES;
				GCC_WARN_ABOUT_RETURN_TYPE = YES_ERROR;
				GCC_WARN_UNDECLARED_SELECTOR = YES;
				GCC_WARN_UNINITIALIZED_AUTOS = YES_AGGRESSIVE;
				GCC_WARN_UNUSED_FUNCTION = YES;
				GCC_WARN_UNUSED_VARIABLE = YES;
				IPHONEOS_DEPLOYMENT_TARGET = 14.0;
				MTL_ENABLE_DEBUG_INFO = NO;
				MTL_FAST_MATH = YES;
				SDKROOT = iphoneos;
				SWIFT_COMPILATION_MODE = wholemodule;
				SWIFT_OPTIMIZATION_LEVEL = "-O";
				VALIDATE_PRODUCT = YES;
			};
			name = Release;
		};
		489FA57E251A504200C0FD3D /* Debug */ = {
			isa = XCBuildConfiguration;
			buildSettings = {
				ASSETCATALOG_COMPILER_APPICON_NAME = AppIcon;
				ASSETCATALOG_COMPILER_GLOBAL_ACCENT_COLOR_NAME = AccentColor;
				CODE_SIGN_STYLE = Automatic;
				DEVELOPMENT_TEAM = NBQZGH6W8D;
				INFOPLIST_FILE = bullseye/Info.plist;
				LD_RUNPATH_SEARCH_PATHS = (
					"$(inherited)",
					"@executable_path/Frameworks",
				);
				PRODUCT_BUNDLE_IDENTIFIER = example.vn.bullseye;
				PRODUCT_NAME = "$(TARGET_NAME)";
				SWIFT_VERSION = 5.0;
				TARGETED_DEVICE_FAMILY = "1,2";
			};
			name = Debug;
		};
		489FA57F251A504200C0FD3D /* Release */ = {
			isa = XCBuildConfiguration;
			buildSettings = {
				ASSETCATALOG_COMPILER_APPICON_NAME = AppIcon;
				ASSETCATALOG_COMPILER_GLOBAL_ACCENT_COLOR_NAME = AccentColor;
				CODE_SIGN_STYLE = Automatic;
				DEVELOPMENT_TEAM = NBQZGH6W8D;
				INFOPLIST_FILE = bullseye/Info.plist;
				LD_RUNPATH_SEARCH_PATHS = (
					"$(inherited)",
					"@executable_path/Frameworks",
				);
				PRODUCT_BUNDLE_IDENTIFIER = example.vn.bullseye;
				PRODUCT_NAME = "$(TARGET_NAME)";
				SWIFT_VERSION = 5.0;
				TARGETED_DEVICE_FAMILY = "1,2";
			};
			name = Release;
		};
		489FA581251A504200C0FD3D /* Debug */ = {
			isa = XCBuildConfiguration;
			buildSettings = {
				ALWAYS_EMBED_SWIFT_STANDARD_LIBRARIES = YES;
				BUNDLE_LOADER = "$(TEST_HOST)";
				CODE_SIGN_STYLE = Automatic;
				DEVELOPMENT_TEAM = NBQZGH6W8D;
				INFOPLIST_FILE = bullseyeTests/Info.plist;
				IPHONEOS_DEPLOYMENT_TARGET = 14.0;
				LD_RUNPATH_SEARCH_PATHS = (
					"$(inherited)",
					"@executable_path/Frameworks",
					"@loader_path/Frameworks",
				);
				PRODUCT_BUNDLE_IDENTIFIER = example.vn.bullseyeTests;
				PRODUCT_NAME = "$(TARGET_NAME)";
				SWIFT_VERSION = 5.0;
				TARGETED_DEVICE_FAMILY = "1,2";
				TEST_HOST = "$(BUILT_PRODUCTS_DIR)/bullseye.app/bullseye";
			};
			name = Debug;
		};
		489FA582251A504200C0FD3D /* Release */ = {
			isa = XCBuildConfiguration;
			buildSettings = {
				ALWAYS_EMBED_SWIFT_STANDARD_LIBRARIES = YES;
				BUNDLE_LOADER = "$(TEST_HOST)";
				CODE_SIGN_STYLE = Automatic;
				DEVELOPMENT_TEAM = NBQZGH6W8D;
				INFOPLIST_FILE = bullseyeTests/Info.plist;
				IPHONEOS_DEPLOYMENT_TARGET = 14.0;
				LD_RUNPATH_SEARCH_PATHS = (
					"$(inherited)",
					"@executable_path/Frameworks",
					"@loader_path/Frameworks",
				);
				PRODUCT_BUNDLE_IDENTIFIER = example.vn.bullseyeTests;
				PRODUCT_NAME = "$(TARGET_NAME)";
				SWIFT_VERSION = 5.0;
				TARGETED_DEVICE_FAMILY = "1,2";
				TEST_HOST = "$(BUILT_PRODUCTS_DIR)/bullseye.app/bullseye";
			};
			name = Release;
		};
		489FA584251A504200C0FD3D /* Debug */ = {
			isa = XCBuildConfiguration;
			buildSettings = {
				ALWAYS_EMBED_SWIFT_STANDARD_LIBRARIES = YES;
				CODE_SIGN_STYLE = Automatic;
				DEVELOPMENT_TEAM = NBQZGH6W8D;
				INFOPLIST_FILE = bullseyeUITests/Info.plist;
				LD_RUNPATH_SEARCH_PATHS = (
					"$(inherited)",
					"@executable_path/Frameworks",
					"@loader_path/Frameworks",
				);
				PRODUCT_BUNDLE_IDENTIFIER = example.vn.bullseyeUITests;
				PRODUCT_NAME = "$(TARGET_NAME)";
				SWIFT_VERSION = 5.0;
				TARGETED_DEVICE_FAMILY = "1,2";
				TEST_TARGET_NAME = bullseye;
			};
			name = Debug;
		};
		489FA585251A504200C0FD3D /* Release */ = {
			isa = XCBuildConfiguration;
			buildSettings = {
				ALWAYS_EMBED_SWIFT_STANDARD_LIBRARIES = YES;
				CODE_SIGN_STYLE = Automatic;
				DEVELOPMENT_TEAM = NBQZGH6W8D;
				INFOPLIST_FILE = bullseyeUITests/Info.plist;
				LD_RUNPATH_SEARCH_PATHS = (
					"$(inherited)",
					"@executable_path/Frameworks",
					"@loader_path/Frameworks",
				);
				PRODUCT_BUNDLE_IDENTIFIER = example.vn.bullseyeUITests;
				PRODUCT_NAME = "$(TARGET_NAME)";
				SWIFT_VERSION = 5.0;
				TARGETED_DEVICE_FAMILY = "1,2";
				TEST_TARGET_NAME = bullseye;
			};
			name = Release;
		};
/* End XCBuildConfiguration section */

/* Begin XCConfigurationList section */
		489FA54B251A503D00C0FD3D /* Build configuration list for PBXProject "bullseye" */ = {
			isa = XCConfigurationList;
			buildConfigurations = (
				489FA57B251A504200C0FD3D /* Debug */,
				489FA57C251A504200C0FD3D /* Release */,
			);
			defaultConfigurationIsVisible = 0;
			defaultConfigurationName = Release;
		};
		489FA57D251A504200C0FD3D /* Build configuration list for PBXNativeTarget "bullseye" */ = {
			isa = XCConfigurationList;
			buildConfigurations = (
				489FA57E251A504200C0FD3D /* Debug */,
				489FA57F251A504200C0FD3D /* Release */,
			);
			defaultConfigurationIsVisible = 0;
			defaultConfigurationName = Release;
		};
		489FA580251A504200C0FD3D /* Build configuration list for PBXNativeTarget "bullseyeTests" */ = {
			isa = XCConfigurationList;
			buildConfigurations = (
				489FA581251A504200C0FD3D /* Debug */,
				489FA582251A504200C0FD3D /* Release */,
			);
			defaultConfigurationIsVisible = 0;
			defaultConfigurationName = Release;
		};
		489FA583251A504200C0FD3D /* Build configuration list for PBXNativeTarget "bullseyeUITests" */ = {
			isa = XCConfigurationList;
			buildConfigurations = (
				489FA584251A504200C0FD3D /* Debug */,
				489FA585251A504200C0FD3D /* Release */,
			);
			defaultConfigurationIsVisible = 0;
			defaultConfigurationName = Release;
		};
/* End XCConfigurationList section */

/* Begin XCVersionGroup section */
		489FA55C251A503D00C0FD3D /* bullseye.xcdatamodeld */ = {
			isa = XCVersionGroup;
			children = (
				489FA55D251A503D00C0FD3D /* bullseye.xcdatamodel */,
			);
			currentVersion = 489FA55D251A503D00C0FD3D /* bullseye.xcdatamodel */;
			path = bullseye.xcdatamodeld;
			sourceTree = "<group>";
			versionGroupType = wrapper.xcdatamodel;
		};
/* End XCVersionGroup section */
	};
	rootObject = 489FA548251A503D00C0FD3D /* Project object */;
}
