// !$*UTF8*$!
{
	archiveVersion = 1;
	classes = {
	};
	objectVersion = 50;
	objects = {

/* Begin PBXBuildFile section */
		48351B0D25786BAA00252871 /* AppDelegate.swift in Sources */ = {isa = PBXBuildFile; fileRef = 48351B0C25786BAA00252871 /* AppDelegate.swift */; };
		48351B0F25786BAA00252871 /* SceneDelegate.swift in Sources */ = {isa = PBXBuildFile; fileRef = 48351B0E25786BAA00252871 /* SceneDelegate.swift */; };
		48351B1125786BAA00252871 /* CurrentLocationViewController.swift in Sources */ = {isa = PBXBuildFile; fileRef = 48351B1025786BAA00252871 /* CurrentLocationViewController.swift */; };
		48351B1425786BAA00252871 /* Main.storyboard in Resources */ = {isa = PBXBuildFile; fileRef = 48351B1225786BAA00252871 /* Main.storyboard */; };
		48351B1725786BAA00252871 /* TNMap.xcdatamodeld in Sources */ = {isa = PBXBuildFile; fileRef = 48351B1525786BAA00252871 /* TNMap.xcdatamodeld */; };
		48351B1925786BAB00252871 /* Assets.xcassets in Resources */ = {isa = PBXBuildFile; fileRef = 48351B1825786BAB00252871 /* Assets.xcassets */; };
		48351B1C25786BAB00252871 /* LaunchScreen.storyboard in Resources */ = {isa = PBXBuildFile; fileRef = 48351B1A25786BAB00252871 /* LaunchScreen.storyboard */; };
		48351B2725786BAC00252871 /* TNMapTests.swift in Sources */ = {isa = PBXBuildFile; fileRef = 48351B2625786BAC00252871 /* TNMapTests.swift */; };
		48351B3225786BAC00252871 /* TNMapUITests.swift in Sources */ = {isa = PBXBuildFile; fileRef = 48351B3125786BAC00252871 /* TNMapUITests.swift */; };
/* End PBXBuildFile section */

/* Begin PBXContainerItemProxy section */
		48351B2325786BAC00252871 /* PBXContainerItemProxy */ = {
			isa = PBXContainerItemProxy;
			containerPortal = 48351B0125786BAA00252871 /* Project object */;
			proxyType = 1;
			remoteGlobalIDString = 48351B0825786BAA00252871;
			remoteInfo = TNMap;
		};
		48351B2E25786BAC00252871 /* PBXContainerItemProxy */ = {
			isa = PBXContainerItemProxy;
			containerPortal = 48351B0125786BAA00252871 /* Project object */;
			proxyType = 1;
			remoteGlobalIDString = 48351B0825786BAA00252871;
			remoteInfo = TNMap;
		};
/* End PBXContainerItemProxy section */

/* Begin PBXFileReference section */
		48351B0925786BAA00252871 /* TNMap.app */ = {isa = PBXFileReference; explicitFileType = wrapper.application; includeInIndex = 0; path = TNMap.app; sourceTree = BUILT_PRODUCTS_DIR; };
		48351B0C25786BAA00252871 /* AppDelegate.swift */ = {isa = PBXFileReference; lastKnownFileType = sourcecode.swift; path = AppDelegate.swift; sourceTree = "<group>"; };
		48351B0E25786BAA00252871 /* SceneDelegate.swift */ = {isa = PBXFileReference; lastKnownFileType = sourcecode.swift; path = SceneDelegate.swift; sourceTree = "<group>"; };
		48351B1025786BAA00252871 /* CurrentLocationViewController.swift */ = {isa = PBXFileReference; lastKnownFileType = sourcecode.swift; path = CurrentLocationViewController.swift; sourceTree = "<group>"; };
		48351B1325786BAA00252871 /* Base */ = {isa = PBXFileReference; lastKnownFileType = file.storyboard; name = Base; path = Base.lproj/Main.storyboard; sourceTree = "<group>"; };
		48351B1625786BAA00252871 /* TNMap.xcdatamodel */ = {isa = PBXFileReference; lastKnownFileType = wrapper.xcdatamodel; path = TNMap.xcdatamodel; sourceTree = "<group>"; };
		48351B1825786BAB00252871 /* Assets.xcassets */ = {isa = PBXFileReference; lastKnownFileType = folder.assetcatalog; path = Assets.xcassets; sourceTree = "<group>"; };
		48351B1B25786BAB00252871 /* Base */ = {isa = PBXFileReference; lastKnownFileType = file.storyboard; name = Base; path = Base.lproj/LaunchScreen.storyboard; sourceTree = "<group>"; };
		48351B1D25786BAB00252871 /* Info.plist */ = {isa = PBXFileReference; lastKnownFileType = text.plist.xml; path = Info.plist; sourceTree = "<group>"; };
		48351B2225786BAC00252871 /* TNMapTests.xctest */ = {isa = PBXFileReference; explicitFileType = wrapper.cfbundle; includeInIndex = 0; path = TNMapTests.xctest; sourceTree = BUILT_PRODUCTS_DIR; };
		48351B2625786BAC00252871 /* TNMapTests.swift */ = {isa = PBXFileReference; lastKnownFileType = sourcecode.swift; path = TNMapTests.swift; sourceTree = "<group>"; };
		48351B2825786BAC00252871 /* Info.plist */ = {isa = PBXFileReference; lastKnownFileType = text.plist.xml; path = Info.plist; sourceTree = "<group>"; };
		48351B2D25786BAC00252871 /* TNMapUITests.xctest */ = {isa = PBXFileReference; explicitFileType = wrapper.cfbundle; includeInIndex = 0; path = TNMapUITests.xctest; sourceTree = BUILT_PRODUCTS_DIR; };
		48351B3125786BAC00252871 /* TNMapUITests.swift */ = {isa = PBXFileReference; lastKnownFileType = sourcecode.swift; path = TNMapUITests.swift; sourceTree = "<group>"; };
		48351B3325786BAC00252871 /* Info.plist */ = {isa = PBXFileReference; lastKnownFileType = text.plist.xml; path = Info.plist; sourceTree = "<group>"; };
/* End PBXFileReference section */

/* Begin PBXFrameworksBuildPhase section */
		48351B0625786BAA00252871 /* Frameworks */ = {
			isa = PBXFrameworksBuildPhase;
			buildActionMask = 2147483647;
			files = (
			);
			runOnlyForDeploymentPostprocessing = 0;
		};
		48351B1F25786BAC00252871 /* Frameworks */ = {
			isa = PBXFrameworksBuildPhase;
			buildActionMask = 2147483647;
			files = (
			);
			runOnlyForDeploymentPostprocessing = 0;
		};
		48351B2A25786BAC00252871 /* Frameworks */ = {
			isa = PBXFrameworksBuildPhase;
			buildActionMask = 2147483647;
			files = (
			);
			runOnlyForDeploymentPostprocessing = 0;
		};
/* End PBXFrameworksBuildPhase section */

/* Begin PBXGroup section */
		48351B0025786BAA00252871 = {
			isa = PBXGroup;
			children = (
				48351B0B25786BAA00252871 /* TNMap */,
				48351B2525786BAC00252871 /* TNMapTests */,
				48351B3025786BAC00252871 /* TNMapUITests */,
				48351B0A25786BAA00252871 /* Products */,
			);
			sourceTree = "<group>";
		};
		48351B0A25786BAA00252871 /* Products */ = {
			isa = PBXGroup;
			children = (
				48351B0925786BAA00252871 /* TNMap.app */,
				48351B2225786BAC00252871 /* TNMapTests.xctest */,
				48351B2D25786BAC00252871 /* TNMapUITests.xctest */,
			);
			name = Products;
			sourceTree = "<group>";
		};
		48351B0B25786BAA00252871 /* TNMap */ = {
			isa = PBXGroup;
			children = (
				48351B0C25786BAA00252871 /* AppDelegate.swift */,
				48351B0E25786BAA00252871 /* SceneDelegate.swift */,
				48351B1025786BAA00252871 /* CurrentLocationViewController.swift */,
				48351B1225786BAA00252871 /* Main.storyboard */,
				48351B1825786BAB00252871 /* Assets.xcassets */,
				48351B1A25786BAB00252871 /* LaunchScreen.storyboard */,
				48351B1D25786BAB00252871 /* Info.plist */,
				48351B1525786BAA00252871 /* TNMap.xcdatamodeld */,
			);
			path = TNMap;
			sourceTree = "<group>";
		};
		48351B2525786BAC00252871 /* TNMapTests */ = {
			isa = PBXGroup;
			children = (
				48351B2625786BAC00252871 /* TNMapTests.swift */,
				48351B2825786BAC00252871 /* Info.plist */,
			);
			path = TNMapTests;
			sourceTree = "<group>";
		};
		48351B3025786BAC00252871 /* TNMapUITests */ = {
			isa = PBXGroup;
			children = (
				48351B3125786BAC00252871 /* TNMapUITests.swift */,
				48351B3325786BAC00252871 /* Info.plist */,
			);
			path = TNMapUITests;
			sourceTree = "<group>";
		};
/* End PBXGroup section */

/* Begin PBXNativeTarget section */
		48351B0825786BAA00252871 /* TNMap */ = {
			isa = PBXNativeTarget;
			buildConfigurationList = 48351B3625786BAC00252871 /* Build configuration list for PBXNativeTarget "TNMap" */;
			buildPhases = (
				48351B0525786BAA00252871 /* Sources */,
				48351B0625786BAA00252871 /* Frameworks */,
				48351B0725786BAA00252871 /* Resources */,
			);
			buildRules = (
			);
			dependencies = (
			);
			name = TNMap;
			productName = TNMap;
			productReference = 48351B0925786BAA00252871 /* TNMap.app */;
			productType = "com.apple.product-type.application";
		};
		48351B2125786BAC00252871 /* TNMapTests */ = {
			isa = PBXNativeTarget;
			buildConfigurationList = 48351B3925786BAC00252871 /* Build configuration list for PBXNativeTarget "TNMapTests" */;
			buildPhases = (
				48351B1E25786BAC00252871 /* Sources */,
				48351B1F25786BAC00252871 /* Frameworks */,
				48351B2025786BAC00252871 /* Resources */,
			);
			buildRules = (
			);
			dependencies = (
				48351B2425786BAC00252871 /* PBXTargetDependency */,
			);
			name = TNMapTests;
			productName = TNMapTests;
			productReference = 48351B2225786BAC00252871 /* TNMapTests.xctest */;
			productType = "com.apple.product-type.bundle.unit-test";
		};
		48351B2C25786BAC00252871 /* TNMapUITests */ = {
			isa = PBXNativeTarget;
			buildConfigurationList = 48351B3C25786BAC00252871 /* Build configuration list for PBXNativeTarget "TNMapUITests" */;
			buildPhases = (
				48351B2925786BAC00252871 /* Sources */,
				48351B2A25786BAC00252871 /* Frameworks */,
				48351B2B25786BAC00252871 /* Resources */,
			);
			buildRules = (
			);
			dependencies = (
				48351B2F25786BAC00252871 /* PBXTargetDependency */,
			);
			name = TNMapUITests;
			productName = TNMapUITests;
			productReference = 48351B2D25786BAC00252871 /* TNMapUITests.xctest */;
			productType = "com.apple.product-type.bundle.ui-testing";
		};
/* End PBXNativeTarget section */

/* Begin PBXProject section */
		48351B0125786BAA00252871 /* Project object */ = {
			isa = PBXProject;
			attributes = {
				LastSwiftUpdateCheck = 1220;
				LastUpgradeCheck = 1220;
				TargetAttributes = {
					48351B0825786BAA00252871 = {
						CreatedOnToolsVersion = 12.2;
					};
					48351B2125786BAC00252871 = {
						CreatedOnToolsVersion = 12.2;
						TestTargetID = 48351B0825786BAA00252871;
					};
					48351B2C25786BAC00252871 = {
						CreatedOnToolsVersion = 12.2;
						TestTargetID = 48351B0825786BAA00252871;
					};
				};
			};
			buildConfigurationList = 48351B0425786BAA00252871 /* Build configuration list for PBXProject "TNMap" */;
			compatibilityVersion = "Xcode 9.3";
			developmentRegion = en;
			hasScannedForEncodings = 0;
			knownRegions = (
				en,
				Base,
			);
			mainGroup = 48351B0025786BAA00252871;
			productRefGroup = 48351B0A25786BAA00252871 /* Products */;
			projectDirPath = "";
			projectRoot = "";
			targets = (
				48351B0825786BAA00252871 /* TNMap */,
				48351B2125786BAC00252871 /* TNMapTests */,
				48351B2C25786BAC00252871 /* TNMapUITests */,
			);
		};
/* End PBXProject section */

/* Begin PBXResourcesBuildPhase section */
		48351B0725786BAA00252871 /* Resources */ = {
			isa = PBXResourcesBuildPhase;
			buildActionMask = 2147483647;
			files = (
				48351B1C25786BAB00252871 /* LaunchScreen.storyboard in Resources */,
				48351B1925786BAB00252871 /* Assets.xcassets in Resources */,
				48351B1425786BAA00252871 /* Main.storyboard in Resources */,
			);
			runOnlyForDeploymentPostprocessing = 0;
		};
		48351B2025786BAC00252871 /* Resources */ = {
			isa = PBXResourcesBuildPhase;
			buildActionMask = 2147483647;
			files = (
			);
			runOnlyForDeploymentPostprocessing = 0;
		};
		48351B2B25786BAC00252871 /* Resources */ = {
			isa = PBXResourcesBuildPhase;
			buildActionMask = 2147483647;
			files = (
			);
			runOnlyForDeploymentPostprocessing = 0;
		};
/* End PBXResourcesBuildPhase section */

/* Begin PBXSourcesBuildPhase section */
		48351B0525786BAA00252871 /* Sources */ = {
			isa = PBXSourcesBuildPhase;
			buildActionMask = 2147483647;
			files = (
				48351B1125786BAA00252871 /* CurrentLocationViewController.swift in Sources */,
				48351B0D25786BAA00252871 /* AppDelegate.swift in Sources */,
				48351B1725786BAA00252871 /* TNMap.xcdatamodeld in Sources */,
				48351B0F25786BAA00252871 /* SceneDelegate.swift in Sources */,
			);
			runOnlyForDeploymentPostprocessing = 0;
		};
		48351B1E25786BAC00252871 /* Sources */ = {
			isa = PBXSourcesBuildPhase;
			buildActionMask = 2147483647;
			files = (
				48351B2725786BAC00252871 /* TNMapTests.swift in Sources */,
			);
			runOnlyForDeploymentPostprocessing = 0;
		};
		48351B2925786BAC00252871 /* Sources */ = {
			isa = PBXSourcesBuildPhase;
			buildActionMask = 2147483647;
			files = (
				48351B3225786BAC00252871 /* TNMapUITests.swift in Sources */,
			);
			runOnlyForDeploymentPostprocessing = 0;
		};
/* End PBXSourcesBuildPhase section */

/* Begin PBXTargetDependency section */
		48351B2425786BAC00252871 /* PBXTargetDependency */ = {
			isa = PBXTargetDependency;
			target = 48351B0825786BAA00252871 /* TNMap */;
			targetProxy = 48351B2325786BAC00252871 /* PBXContainerItemProxy */;
		};
		48351B2F25786BAC00252871 /* PBXTargetDependency */ = {
			isa = PBXTargetDependency;
			target = 48351B0825786BAA00252871 /* TNMap */;
			targetProxy = 48351B2E25786BAC00252871 /* PBXContainerItemProxy */;
		};
/* End PBXTargetDependency section */

/* Begin PBXVariantGroup section */
		48351B1225786BAA00252871 /* Main.storyboard */ = {
			isa = PBXVariantGroup;
			children = (
				48351B1325786BAA00252871 /* Base */,
			);
			name = Main.storyboard;
			sourceTree = "<group>";
		};
		48351B1A25786BAB00252871 /* LaunchScreen.storyboard */ = {
			isa = PBXVariantGroup;
			children = (
				48351B1B25786BAB00252871 /* Base */,
			);
			name = LaunchScreen.storyboard;
			sourceTree = "<group>";
		};
/* End PBXVariantGroup section */

/* Begin XCBuildConfiguration section */
		48351B3425786BAC00252871 /* Debug */ = {
			isa = XCBuildConfiguration;
			buildSettings = {
				ALWAYS_SEARCH_USER_PATHS = NO;
				CLANG_ANALYZER_NONNULL = YES;
				CLANG_ANALYZER_NUMBER_OBJECT_CONVERSION = YES_AGGRESSIVE;
				CLANG_CXX_LANGUAGE_STANDARD = "gnu++14";
				CLANG_CXX_LIBRARY = "libc++";
				CLANG_ENABLE_MODULES = YES;
				CLANG_ENABLE_OBJC_ARC = YES;
				CLANG_ENABLE_OBJC_WEAK = YES;
				CLANG_WARN_BLOCK_CAPTURE_AUTORELEASING = YES;
				CLANG_WARN_BOOL_CONVERSION = YES;
				CLANG_WARN_COMMA = YES;
				CLANG_WARN_CONSTANT_CONVERSION = YES;
				CLANG_WARN_DEPRECATED_OBJC_IMPLEMENTATIONS = YES;
				CLANG_WARN_DIRECT_OBJC_ISA_USAGE = YES_ERROR;
				CLANG_WARN_DOCUMENTATION_COMMENTS = YES;
				CLANG_WARN_EMPTY_BODY = YES;
				CLANG_WARN_ENUM_CONVERSION = YES;
				CLANG_WARN_INFINITE_RECURSION = YES;
				CLANG_WARN_INT_CONVERSION = YES;
				CLANG_WARN_NON_LITERAL_NULL_CONVERSION = YES;
				CLANG_WARN_OBJC_IMPLICIT_RETAIN_SELF = YES;
				CLANG_WARN_OBJC_LITERAL_CONVERSION = YES;
				CLANG_WARN_OBJC_ROOT_CLASS = YES_ERROR;
				CLANG_WARN_QUOTED_INCLUDE_IN_FRAMEWORK_HEADER = YES;
				CLANG_WARN_RANGE_LOOP_ANALYSIS = YES;
				CLANG_WARN_STRICT_PROTOTYPES = YES;
				CLANG_WARN_SUSPICIOUS_MOVE = YES;
				CLANG_WARN_UNGUARDED_AVAILABILITY = YES_AGGRESSIVE;
				CLANG_WARN_UNREACHABLE_CODE = YES;
				CLANG_WARN__DUPLICATE_METHOD_MATCH = YES;
				COPY_PHASE_STRIP = NO;
				DEBUG_INFORMATION_FORMAT = dwarf;
				ENABLE_STRICT_OBJC_MSGSEND = YES;
				ENABLE_TESTABILITY = YES;
				GCC_C_LANGUAGE_STANDARD = gnu11;
				GCC_DYNAMIC_NO_PIC = NO;
				GCC_NO_COMMON_BLOCKS = YES;
				GCC_OPTIMIZATION_LEVEL = 0;
				GCC_PREPROCESSOR_DEFINITIONS = (
					"DEBUG=1",
					"$(inherited)",
				);
				GCC_WARN_64_TO_32_BIT_CONVERSION = YES;
				GCC_WARN_ABOUT_RETURN_TYPE = YES_ERROR;
				GCC_WARN_UNDECLARED_SELECTOR = YES;
				GCC_WARN_UNINITIALIZED_AUTOS = YES_AGGRESSIVE;
				GCC_WARN_UNUSED_FUNCTION = YES;
				GCC_WARN_UNUSED_VARIABLE = YES;
				IPHONEOS_DEPLOYMENT_TARGET = 14.2;
				MTL_ENABLE_DEBUG_INFO = INCLUDE_SOURCE;
				MTL_FAST_MATH = YES;
				ONLY_ACTIVE_ARCH = YES;
				SDKROOT = iphoneos;
				SWIFT_ACTIVE_COMPILATION_CONDITIONS = DEBUG;
				SWIFT_OPTIMIZATION_LEVEL = "-Onone";
			};
			name = Debug;
		};
		48351B3525786BAC00252871 /* Release */ = {
			isa = XCBuildConfiguration;
			buildSettings = {
				ALWAYS_SEARCH_USER_PATHS = NO;
				CLANG_ANALYZER_NONNULL = YES;
				CLANG_ANALYZER_NUMBER_OBJECT_CONVERSION = YES_AGGRESSIVE;
				CLANG_CXX_LANGUAGE_STANDARD = "gnu++14";
				CLANG_CXX_LIBRARY = "libc++";
				CLANG_ENABLE_MODULES = YES;
				CLANG_ENABLE_OBJC_ARC = YES;
				CLANG_ENABLE_OBJC_WEAK = YES;
				CLANG_WARN_BLOCK_CAPTURE_AUTORELEASING = YES;
				CLANG_WARN_BOOL_CONVERSION = YES;
				CLANG_WARN_COMMA = YES;
				CLANG_WARN_CONSTANT_CONVERSION = YES;
				CLANG_WARN_DEPRECATED_OBJC_IMPLEMENTATIONS = YES;
				CLANG_WARN_DIRECT_OBJC_ISA_USAGE = YES_ERROR;
				CLANG_WARN_DOCUMENTATION_COMMENTS = YES;
				CLANG_WARN_EMPTY_BODY = YES;
				CLANG_WARN_ENUM_CONVERSION = YES;
				CLANG_WARN_INFINITE_RECURSION = YES;
				CLANG_WARN_INT_CONVERSION = YES;
				CLANG_WARN_NON_LITERAL_NULL_CONVERSION = YES;
				CLANG_WARN_OBJC_IMPLICIT_RETAIN_SELF = YES;
				CLANG_WARN_OBJC_LITERAL_CONVERSION = YES;
				CLANG_WARN_OBJC_ROOT_CLASS = YES_ERROR;
				CLANG_WARN_QUOTED_INCLUDE_IN_FRAMEWORK_HEADER = YES;
				CLANG_WARN_RANGE_LOOP_ANALYSIS = YES;
				CLANG_WARN_STRICT_PROTOTYPES = YES;
				CLANG_WARN_SUSPICIOUS_MOVE = YES;
				CLANG_WARN_UNGUARDED_AVAILABILITY = YES_AGGRESSIVE;
				CLANG_WARN_UNREACHABLE_CODE = YES;
				CLANG_WARN__DUPLICATE_METHOD_MATCH = YES;
				COPY_PHASE_STRIP = NO;
				DEBUG_INFORMATION_FORMAT = "dwarf-with-dsym";
				ENABLE_NS_ASSERTIONS = NO;
				ENABLE_STRICT_OBJC_MSGSEND = YES;
				GCC_C_LANGUAGE_STANDARD = gnu11;
				GCC_NO_COMMON_BLOCKS = YES;
				GCC_WARN_64_TO_32_BIT_CONVERSION = YES;
				GCC_WARN_ABOUT_RETURN_TYPE = YES_ERROR;
				GCC_WARN_UNDECLARED_SELECTOR = YES;
				GCC_WARN_UNINITIALIZED_AUTOS = YES_AGGRESSIVE;
				GCC_WARN_UNUSED_FUNCTION = YES;
				GCC_WARN_UNUSED_VARIABLE = YES;
				IPHONEOS_DEPLOYMENT_TARGET = 14.2;
				MTL_ENABLE_DEBUG_INFO = NO;
				MTL_FAST_MATH = YES;
				SDKROOT = iphoneos;
				SWIFT_COMPILATION_MODE = wholemodule;
				SWIFT_OPTIMIZATION_LEVEL = "-O";
				VALIDATE_PRODUCT = YES;
			};
			name = Release;
		};
		48351B3725786BAC00252871 /* Debug */ = {
			isa = XCBuildConfiguration;
			buildSettings = {
				ASSETCATALOG_COMPILER_APPICON_NAME = AppIcon;
				ASSETCATALOG_COMPILER_GLOBAL_ACCENT_COLOR_NAME = AccentColor;
				CODE_SIGN_STYLE = Automatic;
				DEVELOPMENT_TEAM = NBQZGH6W8D;
				INFOPLIST_FILE = TNMap/Info.plist;
				LD_RUNPATH_SEARCH_PATHS = (
					"$(inherited)",
					"@executable_path/Frameworks",
				);
				PRODUCT_BUNDLE_IDENTIFIER = example.vn.TNMap;
				PRODUCT_NAME = "$(TARGET_NAME)";
				SWIFT_VERSION = 5.0;
				TARGETED_DEVICE_FAMILY = "1,2";
			};
			name = Debug;
		};
		48351B3825786BAC00252871 /* Release */ = {
			isa = XCBuildConfiguration;
			buildSettings = {
				ASSETCATALOG_COMPILER_APPICON_NAME = AppIcon;
				ASSETCATALOG_COMPILER_GLOBAL_ACCENT_COLOR_NAME = AccentColor;
				CODE_SIGN_STYLE = Automatic;
				DEVELOPMENT_TEAM = NBQZGH6W8D;
				INFOPLIST_FILE = TNMap/Info.plist;
				LD_RUNPATH_SEARCH_PATHS = (
					"$(inherited)",
					"@executable_path/Frameworks",
				);
				PRODUCT_BUNDLE_IDENTIFIER = example.vn.TNMap;
				PRODUCT_NAME = "$(TARGET_NAME)";
				SWIFT_VERSION = 5.0;
				TARGETED_DEVICE_FAMILY = "1,2";
			};
			name = Release;
		};
		48351B3A25786BAC00252871 /* Debug */ = {
			isa = XCBuildConfiguration;
			buildSettings = {
				ALWAYS_EMBED_SWIFT_STANDARD_LIBRARIES = YES;
				BUNDLE_LOADER = "$(TEST_HOST)";
				CODE_SIGN_STYLE = Automatic;
				DEVELOPMENT_TEAM = NBQZGH6W8D;
				INFOPLIST_FILE = TNMapTests/Info.plist;
				IPHONEOS_DEPLOYMENT_TARGET = 14.2;
				LD_RUNPATH_SEARCH_PATHS = (
					"$(inherited)",
					"@executable_path/Frameworks",
					"@loader_path/Frameworks",
				);
				PRODUCT_BUNDLE_IDENTIFIER = example.vn.TNMapTests;
				PRODUCT_NAME = "$(TARGET_NAME)";
				SWIFT_VERSION = 5.0;
				TARGETED_DEVICE_FAMILY = "1,2";
				TEST_HOST = "$(BUILT_PRODUCTS_DIR)/TNMap.app/TNMap";
			};
			name = Debug;
		};
		48351B3B25786BAC00252871 /* Release */ = {
			isa = XCBuildConfiguration;
			buildSettings = {
				ALWAYS_EMBED_SWIFT_STANDARD_LIBRARIES = YES;
				BUNDLE_LOADER = "$(TEST_HOST)";
				CODE_SIGN_STYLE = Automatic;
				DEVELOPMENT_TEAM = NBQZGH6W8D;
				INFOPLIST_FILE = TNMapTests/Info.plist;
				IPHONEOS_DEPLOYMENT_TARGET = 14.2;
				LD_RUNPATH_SEARCH_PATHS = (
					"$(inherited)",
					"@executable_path/Frameworks",
					"@loader_path/Frameworks",
				);
				PRODUCT_BUNDLE_IDENTIFIER = example.vn.TNMapTests;
				PRODUCT_NAME = "$(TARGET_NAME)";
				SWIFT_VERSION = 5.0;
				TARGETED_DEVICE_FAMILY = "1,2";
				TEST_HOST = "$(BUILT_PRODUCTS_DIR)/TNMap.app/TNMap";
			};
			name = Release;
		};
		48351B3D25786BAC00252871 /* Debug */ = {
			isa = XCBuildConfiguration;
			buildSettings = {
				ALWAYS_EMBED_SWIFT_STANDARD_LIBRARIES = YES;
				CODE_SIGN_STYLE = Automatic;
				DEVELOPMENT_TEAM = NBQZGH6W8D;
				INFOPLIST_FILE = TNMapUITests/Info.plist;
				LD_RUNPATH_SEARCH_PATHS = (
					"$(inherited)",
					"@executable_path/Frameworks",
					"@loader_path/Frameworks",
				);
				PRODUCT_BUNDLE_IDENTIFIER = example.vn.TNMapUITests;
				PRODUCT_NAME = "$(TARGET_NAME)";
				SWIFT_VERSION = 5.0;
				TARGETED_DEVICE_FAMILY = "1,2";
				TEST_TARGET_NAME = TNMap;
			};
			name = Debug;
		};
		48351B3E25786BAC00252871 /* Release */ = {
			isa = XCBuildConfiguration;
			buildSettings = {
				ALWAYS_EMBED_SWIFT_STANDARD_LIBRARIES = YES;
				CODE_SIGN_STYLE = Automatic;
				DEVELOPMENT_TEAM = NBQZGH6W8D;
				INFOPLIST_FILE = TNMapUITests/Info.plist;
				LD_RUNPATH_SEARCH_PATHS = (
					"$(inherited)",
					"@executable_path/Frameworks",
					"@loader_path/Frameworks",
				);
				PRODUCT_BUNDLE_IDENTIFIER = example.vn.TNMapUITests;
				PRODUCT_NAME = "$(TARGET_NAME)";
				SWIFT_VERSION = 5.0;
				TARGETED_DEVICE_FAMILY = "1,2";
				TEST_TARGET_NAME = TNMap;
			};
			name = Release;
		};
/* End XCBuildConfiguration section */

/* Begin XCConfigurationList section */
		48351B0425786BAA00252871 /* Build configuration list for PBXProject "TNMap" */ = {
			isa = XCConfigurationList;
			buildConfigurations = (
				48351B3425786BAC00252871 /* Debug */,
				48351B3525786BAC00252871 /* Release */,
			);
			defaultConfigurationIsVisible = 0;
			defaultConfigurationName = Release;
		};
		48351B3625786BAC00252871 /* Build configuration list for PBXNativeTarget "TNMap" */ = {
			isa = XCConfigurationList;
			buildConfigurations = (
				48351B3725786BAC00252871 /* Debug */,
				48351B3825786BAC00252871 /* Release */,
			);
			defaultConfigurationIsVisible = 0;
			defaultConfigurationName = Release;
		};
		48351B3925786BAC00252871 /* Build configuration list for PBXNativeTarget "TNMapTests" */ = {
			isa = XCConfigurationList;
			buildConfigurations = (
				48351B3A25786BAC00252871 /* Debug */,
				48351B3B25786BAC00252871 /* Release */,
			);
			defaultConfigurationIsVisible = 0;
			defaultConfigurationName = Release;
		};
		48351B3C25786BAC00252871 /* Build configuration list for PBXNativeTarget "TNMapUITests" */ = {
			isa = XCConfigurationList;
			buildConfigurations = (
				48351B3D25786BAC00252871 /* Debug */,
				48351B3E25786BAC00252871 /* Release */,
			);
			defaultConfigurationIsVisible = 0;
			defaultConfigurationName = Release;
		};
/* End XCConfigurationList section */

/* Begin XCVersionGroup section */
		48351B1525786BAA00252871 /* TNMap.xcdatamodeld */ = {
			isa = XCVersionGroup;
			children = (
				48351B1625786BAA00252871 /* TNMap.xcdatamodel */,
			);
			currentVersion = 48351B1625786BAA00252871 /* TNMap.xcdatamodel */;
			path = TNMap.xcdatamodeld;
			sourceTree = "<group>";
			versionGroupType = wrapper.xcdatamodel;
		};
/* End XCVersionGroup section */
	};
	rootObject = 48351B0125786BAA00252871 /* Project object */;
}
